
Microsoft Visual Studio Solution File, Format Version 12.00
# Visual Studio Version 17
VisualStudioVersion = 17.0.31903.59
MinimumVisualStudioVersion = 10.0.40219.1
Project("{2150E333-8FDC-42A3-9474-1A3956D46DE8}") = "src", "src", "{827E0CD3-B72D-47B6-A68D-7590B98EB39B}"
EndProject
Project("{FAE04EC0-301F-11D3-BF4B-00C04F79EFBC}") = "IceCrow.App", "src\IceCrow.App\IceCrow.App.csproj", "{BB1088B0-1700-4EAE-BAA5-065A77BD9315}"
EndProject
Project("{FAE04EC0-301F-11D3-BF4B-00C04F79EFBC}") = "IceCrow.Battlegrounds.Memory", "src\IceCrow.Battlegrounds.Memory\IceCrow.Battlegrounds.Memory.csproj", "{9F04A477-13AF-456C-9A5F-B7BFBE152A71}"
EndProject
Project("{FAE04EC0-301F-11D3-BF4B-00C04F79EFBC}") = "IceCrow.Battlegrounds", "src\IceCrow.Battlegrounds\IceCrow.Battlegrounds.csproj", "{64EB2770-A858-4183-A96C-D4A430C3EC14}"
EndProject
Project("{FAE04EC0-301F-11D3-BF4B-00C04F79EFBC}") = "IceCrow.Hearthstone.Entities", "src\IceCrow.Hearthstone.Entities\IceCrow.Hearthstone.Entities.csproj", "{0B8AC284-2119-4AD4-A2C6-B44AB8087070}"
EndProject
Project("{FAE04EC0-301F-11D3-BF4B-00C04F79EFBC}") = "IceCrow.Hearthstone.Logs", "src\IceCrow.Hearthstone.Logs\IceCrow.Hearthstone.Logs.csproj", "{60CF016F-1561-4293-BE3B-EE8A62F01D16}"
EndProject
Project("{FAE04EC0-301F-11D3-BF4B-00C04F79EFBC}") = "IceCrow.Hearthstone.Protocol", "src\IceCrow.Hearthstone.Protocol\IceCrow.Hearthstone.Protocol.csproj", "{356BEF8E-A133-4F00-A3D7-5E1E49BA881E}"
EndProject
Project("{FAE04EC0-301F-11D3-BF4B-00C04F79EFBC}") = "IceCrow.Overlay", "src\IceCrow.Overlay\IceCrow.Overlay.csproj", "{65CE25F6-7E1C-4746-971B-FD46F6D856FE}"
EndProject
Project("{FAE04EC0-301F-11D3-BF4B-00C04F79EFBC}") = "IceCrow.Platform.Windows", "src\IceCrow.Platform.Windows\IceCrow.Platform.Windows.csproj", "{02AC381E-EB6D-4AC7-BC72-71493AF338AF}"
EndProject
Project("{FAE04EC0-301F-11D3-BF4B-00C04F79EFBC}") = "IceCrow.Recording", "src\IceCrow.Recording\IceCrow.Recording.csproj", "{44BD2A94-E18D-4672-B3E9-FD8F030DB965}"
EndProject
Project("{2150E333-8FDC-42A3-9474-1A3956D46DE8}") = "tests", "tests", "{0AB3BF05-4346-4AA6-1389-037BE0695223}"
EndProject
Project("{FAE04EC0-301F-11D3-BF4B-00C04F79EFBC}") = "IceCrow.Battlegrounds.Tests", "tests\IceCrow.Battlegrounds.Tests\IceCrow.Battlegrounds.Tests.csproj", "{52EA8A63-F25F-4CCC-8153-37EA7D2A56E9}"
EndProject
Project("{FAE04EC0-301F-11D3-BF4B-00C04F79EFBC}") = "IceCrow.Battlegrounds.Memory.Tests", "tests\IceCrow.Battlegrounds.Memory.Tests\IceCrow.Battlegrounds.Memory.Tests.csproj", "{C94D8E06-7368-4EE5-A89F-CC0DE5132F40}"
EndProject
Project("{FAE04EC0-301F-11D3-BF4B-00C04F79EFBC}") = "IceCrow.Hearthstone.Entities.Tests", "tests\IceCrow.Hearthstone.Entities.Tests\IceCrow.Hearthstone.Entities.Tests.csproj", "{E355E266-6793-4EF6-AA66-81715830BED6}"
EndProject
Project("{FAE04EC0-301F-11D3-BF4B-00C04F79EFBC}") = "IceCrow.Hearthstone.Protocol.Tests", "tests\IceCrow.Hearthstone.Protocol.Tests\IceCrow.Hearthstone.Protocol.Tests.csproj", "{16598ACA-9F3E-4F85-977B-71A362855A77}"
EndProject
Project("{FAE04EC0-301F-11D3-BF4B-00C04F79EFBC}") = "IceCrow.Recording.Tests", "tests\IceCrow.Recording.Tests\IceCrow.Recording.Tests.csproj", "{2054AF05-8342-46D5-83E5-8AAC9FB7851E}"
EndProject
Project("{FAE04EC0-301F-11D3-BF4B-00C04F79EFBC}") = "IceCrow.Platform.Windows.Tests", "tests\IceCrow.Platform.Windows.Tests\IceCrow.Platform.Windows.Tests.csproj", "{345F570D-7E3C-4633-B3EB-7E55C07A0F67}"
EndProject
Project("{FAE04EC0-301F-11D3-BF4B-00C04F79EFBC}") = "IceCrow.Hearthstone.Logs.Tests", "tests\IceCrow.Hearthstone.Logs.Tests\IceCrow.Hearthstone.Logs.Tests.csproj", "{2DEF4866-7730-4AAC-8192-AEFDB87C5A80}"
EndProject
Project("{FAE04EC0-301F-11D3-BF4B-00C04F79EFBC}") = "IceCrow.Architecture.Tests", "tests\IceCrow.Architecture.Tests\IceCrow.Architecture.Tests.csproj", "{DF10F93B-78D9-43C2-8C35-1C3F253F801A}"
EndProject
Project("{FAE04EC0-301F-11D3-BF4B-00C04F79EFBC}") = "IceCrow.Tracking", "src\IceCrow.Tracking\IceCrow.Tracking.csproj", "{83AD3DC2-0485-47EA-8F6F-0940743C3192}"
EndProject
Project("{FAE04EC0-301F-11D3-BF4B-00C04F79EFBC}") = "IceCrow.Tracking.Tests", "tests\IceCrow.Tracking.Tests\IceCrow.Tracking.Tests.csproj", "{C7350B76-4C6B-4A06-9E6B-D4670212B2CC}"
EndProject
Project("{FAE04EC0-301F-11D3-BF4B-00C04F79EFBC}") = "IceCrow.Live", "src\IceCrow.Live\IceCrow.Live.csproj", "{A0525F9A-524D-4D5B-85AC-D185CB8CBF3A}"
EndProject
Project("{FAE04EC0-301F-11D3-BF4B-00C04F79EFBC}") = "IceCrow.Live.Tests", "tests\IceCrow.Live.Tests\IceCrow.Live.Tests.csproj", "{AC916B25-C90C-4BE9-A388-7CE29ACA6586}"
EndProject
Project("{2150E333-8FDC-42A3-9474-1A3956D46DE8}") = "tools", "tools", "{B0442946-0366-4E6A-A51F-E70B4CFD6997}"
EndProject
Project("{FAE04EC0-301F-11D3-BF4B-00C04F79EFBC}") = "IceCrow.FixtureTool", "tools\IceCrow.FixtureTool\IceCrow.FixtureTool.csproj", "{4A5B6C9B-26A2-43C8-A40A-6560071B8F7A}"
EndProject
Project("{FAE04EC0-301F-11D3-BF4B-00C04F79EFBC}") = "IceCrow.FixtureTool.Tests", "tests\IceCrow.FixtureTool.Tests\IceCrow.FixtureTool.Tests.csproj", "{BE6B8D5E-326F-413C-88AD-7F7A9AC66466}"
EndProject
Project("{FAE04EC0-301F-11D3-BF4B-00C04F79EFBC}") = "IceCrow.Hearthstone.ClientState", "src\IceCrow.Hearthstone.ClientState\IceCrow.Hearthstone.ClientState.csproj", "{B2FF4FFD-3243-4B15-89B3-BB53D947AFC6}"
EndProject
Project("{FAE04EC0-301F-11D3-BF4B-00C04F79EFBC}") = "IceCrow.Hearthstone.ClientState.Tests", "tests\IceCrow.Hearthstone.ClientState.Tests\IceCrow.Hearthstone.ClientState.Tests.csproj", "{9262309A-3939-4A01-A31B-E878389CC83F}"
EndProject
Project("{FAE04EC0-301F-11D3-BF4B-00C04F79EFBC}") = "IceCrow.Presentation", "src\IceCrow.Presentation\IceCrow.Presentation.csproj", "{3DA278A2-5C17-4B90-BFF9-0AC8231C0762}"
EndProject
Project("{FAE04EC0-301F-11D3-BF4B-00C04F79EFBC}") = "IceCrow.Presentation.Tests", "tests\IceCrow.Presentation.Tests\IceCrow.Presentation.Tests.csproj", "{108C43D6-1D17-44F2-A4C9-DD9417FC21BB}"
EndProject
Project("{FAE04EC0-301F-11D3-BF4B-00C04F79EFBC}") = "IceCrow.Hearthstone.Data", "src\IceCrow.Hearthstone.Data\IceCrow.Hearthstone.Data.csproj", "{1A9AF2A0-7169-4A4E-B922-73DE1015F388}"
EndProject
Project("{FAE04EC0-301F-11D3-BF4B-00C04F79EFBC}") = "IceCrow.Infrastructure.ManacostApi", "src\IceCrow.Infrastructure.ManacostApi\IceCrow.Infrastructure.ManacostApi.csproj", "{1D3588F8-1B11-40C8-8C5F-7F7BFF86BEF7}"
EndProject
Project("{FAE04EC0-301F-11D3-BF4B-00C04F79EFBC}") = "IceCrow.Hearthstone.Decks", "src\IceCrow.Hearthstone.Decks\IceCrow.Hearthstone.Decks.csproj", "{2F774F46-C635-4F25-8A59-463EDAA528A0}"
EndProject
Project("{FAE04EC0-301F-11D3-BF4B-00C04F79EFBC}") = "IceCrow.Telemetry", "src\IceCrow.Telemetry\IceCrow.Telemetry.csproj", "{42538997-A156-4B13-AFBF-9A0F100547D8}"
EndProject
Project("{FAE04EC0-301F-11D3-BF4B-00C04F79EFBC}") = "IceCrow.Hearthstone.Data.Tests", "tests\IceCrow.Hearthstone.Data.Tests\IceCrow.Hearthstone.Data.Tests.csproj", "{0F8CFC3D-1E49-4A2C-AC66-B1189D4FBB11}"
EndProject
Project("{FAE04EC0-301F-11D3-BF4B-00C04F79EFBC}") = "IceCrow.Infrastructure.ManacostApi.Tests", "tests\IceCrow.Infrastructure.ManacostApi.Tests\IceCrow.Infrastructure.ManacostApi.Tests.csproj", "{E611DE28-02B9-40E8-9D7F-FB7A97A4978F}"
EndProject
Project("{FAE04EC0-301F-11D3-BF4B-00C04F79EFBC}") = "IceCrow.Hearthstone.Decks.Tests", "tests\IceCrow.Hearthstone.Decks.Tests\IceCrow.Hearthstone.Decks.Tests.csproj", "{EDFB2D28-4949-44CF-8FFE-39F9C5A6FA57}"
EndProject
Project("{FAE04EC0-301F-11D3-BF4B-00C04F79EFBC}") = "IceCrow.Telemetry.Tests", "tests\IceCrow.Telemetry.Tests\IceCrow.Telemetry.Tests.csproj", "{9B42379F-EFF7-4C95-A931-F64F3BD79243}"
EndProject
Global
	GlobalSection(SolutionConfigurationPlatforms) = preSolution
		Debug|Any CPU = Debug|Any CPU
		Debug|x64 = Debug|x64
		Debug|x86 = Debug|x86
		Release|Any CPU = Release|Any CPU
		Release|x64 = Release|x64
		Release|x86 = Release|x86
	EndGlobalSection
	GlobalSection(ProjectConfigurationPlatforms) = postSolution
		{BB1088B0-1700-4EAE-BAA5-065A77BD9315}.Debug|Any CPU.ActiveCfg = Debug|Any CPU
		{BB1088B0-1700-4EAE-BAA5-065A77BD9315}.Debug|Any CPU.Build.0 = Debug|Any CPU
		{BB1088B0-1700-4EAE-BAA5-065A77BD9315}.Debug|x64.ActiveCfg = Debug|Any CPU
		{BB1088B0-1700-4EAE-BAA5-065A77BD9315}.Debug|x64.Build.0 = Debug|Any CPU
		{BB1088B0-1700-4EAE-BAA5-065A77BD9315}.Debug|x86.ActiveCfg = Debug|Any CPU
		{BB1088B0-1700-4EAE-BAA5-065A77BD9315}.Debug|x86.Build.0 = Debug|Any CPU
		{BB1088B0-1700-4EAE-BAA5-065A77BD9315}.Release|Any CPU.ActiveCfg = Release|Any CPU
		{BB1088B0-1700-4EAE-BAA5-065A77BD9315}.Release|Any CPU.Build.0 = Release|Any CPU
		{BB1088B0-1700-4EAE-BAA5-065A77BD9315}.Release|x64.ActiveCfg = Release|Any CPU
		{BB1088B0-1700-4EAE-BAA5-065A77BD9315}.Release|x64.Build.0 = Release|Any CPU
		{BB1088B0-1700-4EAE-BAA5-065A77BD9315}.Release|x86.ActiveCfg = Release|Any CPU
		{BB1088B0-1700-4EAE-BAA5-065A77BD9315}.Release|x86.Build.0 = Release|Any CPU
		{9F04A477-13AF-456C-9A5F-B7BFBE152A71}.Debug|Any CPU.ActiveCfg = Debug|Any CPU
		{9F04A477-13AF-456C-9A5F-B7BFBE152A71}.Debug|Any CPU.Build.0 = Debug|Any CPU
		{9F04A477-13AF-456C-9A5F-B7BFBE152A71}.Debug|x64.ActiveCfg = Debug|Any CPU
		{9F04A477-13AF-456C-9A5F-B7BFBE152A71}.Debug|x64.Build.0 = Debug|Any CPU
		{9F04A477-13AF-456C-9A5F-B7BFBE152A71}.Debug|x86.ActiveCfg = Debug|Any CPU
		{9F04A477-13AF-456C-9A5F-B7BFBE152A71}.Debug|x86.Build.0 = Debug|Any CPU
		{9F04A477-13AF-456C-9A5F-B7BFBE152A71}.Release|Any CPU.ActiveCfg = Release|Any CPU
		{9F04A477-13AF-456C-9A5F-B7BFBE152A71}.Release|Any CPU.Build.0 = Release|Any CPU
		{9F04A477-13AF-456C-9A5F-B7BFBE152A71}.Release|x64.ActiveCfg = Release|Any CPU
		{9F04A477-13AF-456C-9A5F-B7BFBE152A71}.Release|x64.Build.0 = Release|Any CPU
		{9F04A477-13AF-456C-9A5F-B7BFBE152A71}.Release|x86.ActiveCfg = Release|Any CPU
		{9F04A477-13AF-456C-9A5F-B7BFBE152A71}.Release|x86.Build.0 = Release|Any CPU
		{64EB2770-A858-4183-A96C-D4A430C3EC14}.Debug|Any CPU.ActiveCfg = Debug|Any CPU
		{64EB2770-A858-4183-A96C-D4A430C3EC14}.Debug|Any CPU.Build.0 = Debug|Any CPU
		{64EB2770-A858-4183-A96C-D4A430C3EC14}.Debug|x64.ActiveCfg = Debug|Any CPU
		{64EB2770-A858-4183-A96C-D4A430C3EC14}.Debug|x64.Build.0 = Debug|Any CPU
		{64EB2770-A858-4183-A96C-D4A430C3EC14}.Debug|x86.ActiveCfg = Debug|Any CPU
		{64EB2770-A858-4183-A96C-D4A430C3EC14}.Debug|x86.Build.0 = Debug|Any CPU
		{64EB2770-A858-4183-A96C-D4A430C3EC14}.Release|Any CPU.ActiveCfg = Release|Any CPU
		{64EB2770-A858-4183-A96C-D4A430C3EC14}.Release|Any CPU.Build.0 = Release|Any CPU
		{64EB2770-A858-4183-A96C-D4A430C3EC14}.Release|x64.ActiveCfg = Release|Any CPU
		{64EB2770-A858-4183-A96C-D4A430C3EC14}.Release|x64.Build.0 = Release|Any CPU
		{64EB2770-A858-4183-A96C-D4A430C3EC14}.Release|x86.ActiveCfg = Release|Any CPU
		{64EB2770-A858-4183-A96C-D4A430C3EC14}.Release|x86.Build.0 = Release|Any CPU
		{0B8AC284-2119-4AD4-A2C6-B44AB8087070}.Debug|Any CPU.ActiveCfg = Debug|Any CPU
		{0B8AC284-2119-4AD4-A2C6-B44AB8087070}.Debug|Any CPU.Build.0 = Debug|Any CPU
		{0B8AC284-2119-4AD4-A2C6-B44AB8087070}.Debug|x64.ActiveCfg = Debug|Any CPU
		{0B8AC284-2119-4AD4-A2C6-B44AB8087070}.Debug|x64.Build.0 = Debug|Any CPU
		{0B8AC284-2119-4AD4-A2C6-B44AB8087070}.Debug|x86.ActiveCfg = Debug|Any CPU
		{0B8AC284-2119-4AD4-A2C6-B44AB8087070}.Debug|x86.Build.0 = Debug|Any CPU
		{0B8AC284-2119-4AD4-A2C6-B44AB8087070}.Release|Any CPU.ActiveCfg = Release|Any CPU
		{0B8AC284-2119-4AD4-A2C6-B44AB8087070}.Release|Any CPU.Build.0 = Release|Any CPU
		{0B8AC284-2119-4AD4-A2C6-B44AB8087070}.Release|x64.ActiveCfg = Release|Any CPU
		{0B8AC284-2119-4AD4-A2C6-B44AB8087070}.Release|x64.Build.0 = Release|Any CPU
		{0B8AC284-2119-4AD4-A2C6-B44AB8087070}.Release|x86.ActiveCfg = Release|Any CPU
		{0B8AC284-2119-4AD4-A2C6-B44AB8087070}.Release|x86.Build.0 = Release|Any CPU
		{60CF016F-1561-4293-BE3B-EE8A62F01D16}.Debug|Any CPU.ActiveCfg = Debug|Any CPU
		{60CF016F-1561-4293-BE3B-EE8A62F01D16}.Debug|Any CPU.Build.0 = Debug|Any CPU
		{60CF016F-1561-4293-BE3B-EE8A62F01D16}.Debug|x64.ActiveCfg = Debug|Any CPU
		{60CF016F-1561-4293-BE3B-EE8A62F01D16}.Debug|x64.Build.0 = Debug|Any CPU
		{60CF016F-1561-4293-BE3B-EE8A62F01D16}.Debug|x86.ActiveCfg = Debug|Any CPU
		{60CF016F-1561-4293-BE3B-EE8A62F01D16}.Debug|x86.Build.0 = Debug|Any CPU
		{60CF016F-1561-4293-BE3B-EE8A62F01D16}.Release|Any CPU.ActiveCfg = Release|Any CPU
		{60CF016F-1561-4293-BE3B-EE8A62F01D16}.Release|Any CPU.Build.0 = Release|Any CPU
		{60CF016F-1561-4293-BE3B-EE8A62F01D16}.Release|x64.ActiveCfg = Release|Any CPU
		{60CF016F-1561-4293-BE3B-EE8A62F01D16}.Release|x64.Build.0 = Release|Any CPU
		{60CF016F-1561-4293-BE3B-EE8A62F01D16}.Release|x86.ActiveCfg = Release|Any CPU
		{60CF016F-1561-4293-BE3B-EE8A62F01D16}.Release|x86.Build.0 = Release|Any CPU
		{356BEF8E-A133-4F00-A3D7-5E1E49BA881E}.Debug|Any CPU.ActiveCfg = Debug|Any CPU
		{356BEF8E-A133-4F00-A3D7-5E1E49BA881E}.Debug|Any CPU.Build.0 = Debug|Any CPU
		{356BEF8E-A133-4F00-A3D7-5E1E49BA881E}.Debug|x64.ActiveCfg = Debug|Any CPU
		{356BEF8E-A133-4F00-A3D7-5E1E49BA881E}.Debug|x64.Build.0 = Debug|Any CPU
		{356BEF8E-A133-4F00-A3D7-5E1E49BA881E}.Debug|x86.ActiveCfg = Debug|Any CPU
		{356BEF8E-A133-4F00-A3D7-5E1E49BA881E}.Debug|x86.Build.0 = Debug|Any CPU
		{356BEF8E-A133-4F00-A3D7-5E1E49BA881E}.Release|Any CPU.ActiveCfg = Release|Any CPU
		{356BEF8E-A133-4F00-A3D7-5E1E49BA881E}.Release|Any CPU.Build.0 = Release|Any CPU
		{356BEF8E-A133-4F00-A3D7-5E1E49BA881E}.Release|x64.ActiveCfg = Release|Any CPU
		{356BEF8E-A133-4F00-A3D7-5E1E49BA881E}.Release|x64.Build.0 = Release|Any CPU
		{356BEF8E-A133-4F00-A3D7-5E1E49BA881E}.Release|x86.ActiveCfg = Release|Any CPU
		{356BEF8E-A133-4F00-A3D7-5E1E49BA881E}.Release|x86.Build.0 = Release|Any CPU
		{65CE25F6-7E1C-4746-971B-FD46F6D856FE}.Debug|Any CPU.ActiveCfg = Debug|Any CPU
		{65CE25F6-7E1C-4746-971B-FD46F6D856FE}.Debug|Any CPU.Build.0 = Debug|Any CPU
		{65CE25F6-7E1C-4746-971B-FD46F6D856FE}.Debug|x64.ActiveCfg = Debug|Any CPU
		{65CE25F6-7E1C-4746-971B-FD46F6D856FE}.Debug|x64.Build.0 = Debug|Any CPU
		{65CE25F6-7E1C-4746-971B-FD46F6D856FE}.Debug|x86.ActiveCfg = Debug|Any CPU
		{65CE25F6-7E1C-4746-971B-FD46F6D856FE}.Debug|x86.Build.0 = Debug|Any CPU
		{65CE25F6-7E1C-4746-971B-FD46F6D856FE}.Release|Any CPU.ActiveCfg = Release|Any CPU
		{65CE25F6-7E1C-4746-971B-FD46F6D856FE}.Release|Any CPU.Build.0 = Release|Any CPU
		{65CE25F6-7E1C-4746-971B-FD46F6D856FE}.Release|x64.ActiveCfg = Release|Any CPU
		{65CE25F6-7E1C-4746-971B-FD46F6D856FE}.Release|x64.Build.0 = Release|Any CPU
		{65CE25F6-7E1C-4746-971B-FD46F6D856FE}.Release|x86.ActiveCfg = Release|Any CPU
		{65CE25F6-7E1C-4746-971B-FD46F6D856FE}.Release|x86.Build.0 = Release|Any CPU
		{02AC381E-EB6D-4AC7-BC72-71493AF338AF}.Debug|Any CPU.ActiveCfg = Debug|Any CPU
		{02AC381E-EB6D-4AC7-BC72-71493AF338AF}.Debug|Any CPU.Build.0 = Debug|Any CPU
		{02AC381E-EB6D-4AC7-BC72-71493AF338AF}.Debug|x64.ActiveCfg = Debug|Any CPU
		{02AC381E-EB6D-4AC7-BC72-71493AF338AF}.Debug|x64.Build.0 = Debug|Any CPU
		{02AC381E-EB6D-4AC7-BC72-71493AF338AF}.Debug|x86.ActiveCfg = Debug|Any CPU
		{02AC381E-EB6D-4AC7-BC72-71493AF338AF}.Debug|x86.Build.0 = Debug|Any CPU
		{02AC381E-EB6D-4AC7-BC72-71493AF338AF}.Release|Any CPU.ActiveCfg = Release|Any CPU
		{02AC381E-EB6D-4AC7-BC72-71493AF338AF}.Release|Any CPU.Build.0 = Release|Any CPU
		{02AC381E-EB6D-4AC7-BC72-71493AF338AF}.Release|x64.ActiveCfg = Release|Any CPU
		{02AC381E-EB6D-4AC7-BC72-71493AF338AF}.Release|x64.Build.0 = Release|Any CPU
		{02AC381E-EB6D-4AC7-BC72-71493AF338AF}.Release|x86.ActiveCfg = Release|Any CPU
		{02AC381E-EB6D-4AC7-BC72-71493AF338AF}.Release|x86.Build.0 = Release|Any CPU
		{44BD2A94-E18D-4672-B3E9-FD8F030DB965}.Debug|Any CPU.ActiveCfg = Debug|Any CPU
		{44BD2A94-E18D-4672-B3E9-FD8F030DB965}.Debug|Any CPU.Build.0 = Debug|Any CPU
		{44BD2A94-E18D-4672-B3E9-FD8F030DB965}.Debug|x64.ActiveCfg = Debug|Any CPU
		{44BD2A94-E18D-4672-B3E9-FD8F030DB965}.Debug|x64.Build.0 = Debug|Any CPU
		{44BD2A94-E18D-4672-B3E9-FD8F030DB965}.Debug|x86.ActiveCfg = Debug|Any CPU
		{44BD2A94-E18D-4672-B3E9-FD8F030DB965}.Debug|x86.Build.0 = Debug|Any CPU
		{44BD2A94-E18D-4672-B3E9-FD8F030DB965}.Release|Any CPU.ActiveCfg = Release|Any CPU
		{44BD2A94-E18D-4672-B3E9-FD8F030DB965}.Release|Any CPU.Build.0 = Release|Any CPU
		{44BD2A94-E18D-4672-B3E9-FD8F030DB965}.Release|x64.ActiveCfg = Release|Any CPU
		{44BD2A94-E18D-4672-B3E9-FD8F030DB965}.Release|x64.Build.0 = Release|Any CPU
		{44BD2A94-E18D-4672-B3E9-FD8F030DB965}.Release|x86.ActiveCfg = Release|Any CPU
		{44BD2A94-E18D-4672-B3E9-FD8F030DB965}.Release|x86.Build.0 = Release|Any CPU
		{52EA8A63-F25F-4CCC-8153-37EA7D2A56E9}.Debug|Any CPU.ActiveCfg = Debug|Any CPU
		{52EA8A63-F25F-4CCC-8153-37EA7D2A56E9}.Debug|Any CPU.Build.0 = Debug|Any CPU
		{52EA8A63-F25F-4CCC-8153-37EA7D2A56E9}.Debug|x64.ActiveCfg = Debug|Any CPU
		{52EA8A63-F25F-4CCC-8153-37EA7D2A56E9}.Debug|x64.Build.0 = Debug|Any CPU
		{52EA8A63-F25F-4CCC-8153-37EA7D2A56E9}.Debug|x86.ActiveCfg = Debug|Any CPU
		{52EA8A63-F25F-4CCC-8153-37EA7D2A56E9}.Debug|x86.Build.0 = Debug|Any CPU
		{52EA8A63-F25F-4CCC-8153-37EA7D2A56E9}.Release|Any CPU.ActiveCfg = Release|Any CPU
		{52EA8A63-F25F-4CCC-8153-37EA7D2A56E9}.Release|Any CPU.Build.0 = Release|Any CPU
		{52EA8A63-F25F-4CCC-8153-37EA7D2A56E9}.Release|x64.ActiveCfg = Release|Any CPU
		{52EA8A63-F25F-4CCC-8153-37EA7D2A56E9}.Release|x64.Build.0 = Release|Any CPU
		{52EA8A63-F25F-4CCC-8153-37EA7D2A56E9}.Release|x86.ActiveCfg = Release|Any CPU
		{52EA8A63-F25F-4CCC-8153-37EA7D2A56E9}.Release|x86.Build.0 = Release|Any CPU
		{C94D8E06-7368-4EE5-A89F-CC0DE5132F40}.Debug|Any CPU.ActiveCfg = Debug|Any CPU
		{C94D8E06-7368-4EE5-A89F-CC0DE5132F40}.Debug|Any CPU.Build.0 = Debug|Any CPU
		{C94D8E06-7368-4EE5-A89F-CC0DE5132F40}.Debug|x64.ActiveCfg = Debug|Any CPU
		{C94D8E06-7368-4EE5-A89F-CC0DE5132F40}.Debug|x64.Build.0 = Debug|Any CPU
		{C94D8E06-7368-4EE5-A89F-CC0DE5132F40}.Debug|x86.ActiveCfg = Debug|Any CPU
		{C94D8E06-7368-4EE5-A89F-CC0DE5132F40}.Debug|x86.Build.0 = Debug|Any CPU
		{C94D8E06-7368-4EE5-A89F-CC0DE5132F40}.Release|Any CPU.ActiveCfg = Release|Any CPU
		{C94D8E06-7368-4EE5-A89F-CC0DE5132F40}.Release|Any CPU.Build.0 = Release|Any CPU
		{C94D8E06-7368-4EE5-A89F-CC0DE5132F40}.Release|x64.ActiveCfg = Release|Any CPU
		{C94D8E06-7368-4EE5-A89F-CC0DE5132F40}.Release|x64.Build.0 = Release|Any CPU
		{C94D8E06-7368-4EE5-A89F-CC0DE5132F40}.Release|x86.ActiveCfg = Release|Any CPU
		{C94D8E06-7368-4EE5-A89F-CC0DE5132F40}.Release|x86.Build.0 = Release|Any CPU
		{E355E266-6793-4EF6-AA66-81715830BED6}.Debug|Any CPU.ActiveCfg = Debug|Any CPU
		{E355E266-6793-4EF6-AA66-81715830BED6}.Debug|Any CPU.Build.0 = Debug|Any CPU
		{E355E266-6793-4EF6-AA66-81715830BED6}.Debug|x64.ActiveCfg = Debug|Any CPU
		{E355E266-6793-4EF6-AA66-81715830BED6}.Debug|x64.Build.0 = Debug|Any CPU
		{E355E266-6793-4EF6-AA66-81715830BED6}.Debug|x86.ActiveCfg = Debug|Any CPU
		{E355E266-6793-4EF6-AA66-81715830BED6}.Debug|x86.Build.0 = Debug|Any CPU
		{E355E266-6793-4EF6-AA66-81715830BED6}.Release|Any CPU.ActiveCfg = Release|Any CPU
		{E355E266-6793-4EF6-AA66-81715830BED6}.Release|Any CPU.Build.0 = Release|Any CPU
		{E355E266-6793-4EF6-AA66-81715830BED6}.Release|x64.ActiveCfg = Release|Any CPU
		{E355E266-6793-4EF6-AA66-81715830BED6}.Release|x64.Build.0 = Release|Any CPU
		{E355E266-6793-4EF6-AA66-81715830BED6}.Release|x86.ActiveCfg = Release|Any CPU
		{E355E266-6793-4EF6-AA66-81715830BED6}.Release|x86.Build.0 = Release|Any CPU
		{16598ACA-9F3E-4F85-977B-71A362855A77}.Debug|Any CPU.ActiveCfg = Debug|Any CPU
		{16598ACA-9F3E-4F85-977B-71A362855A77}.Debug|Any CPU.Build.0 = Debug|Any CPU
		{16598ACA-9F3E-4F85-977B-71A362855A77}.Debug|x64.ActiveCfg = Debug|Any CPU
		{16598ACA-9F3E-4F85-977B-71A362855A77}.Debug|x64.Build.0 = Debug|Any CPU
		{16598ACA-9F3E-4F85-977B-71A362855A77}.Debug|x86.ActiveCfg = Debug|Any CPU
		{16598ACA-9F3E-4F85-977B-71A362855A77}.Debug|x86.Build.0 = Debug|Any CPU
		{16598ACA-9F3E-4F85-977B-71A362855A77}.Release|Any CPU.ActiveCfg = Release|Any CPU
		{16598ACA-9F3E-4F85-977B-71A362855A77}.Release|Any CPU.Build.0 = Release|Any CPU
		{16598ACA-9F3E-4F85-977B-71A362855A77}.Release|x64.ActiveCfg = Release|Any CPU
		{16598ACA-9F3E-4F85-977B-71A362855A77}.Release|x64.Build.0 = Release|Any CPU
		{16598ACA-9F3E-4F85-977B-71A362855A77}.Release|x86.ActiveCfg = Release|Any CPU
		{16598ACA-9F3E-4F85-977B-71A362855A77}.Release|x86.Build.0 = Release|Any CPU
		{2054AF05-8342-46D5-83E5-8AAC9FB7851E}.Debug|Any CPU.ActiveCfg = Debug|Any CPU
		{2054AF05-8342-46D5-83E5-8AAC9FB7851E}.Debug|Any CPU.Build.0 = Debug|Any CPU
		{2054AF05-8342-46D5-83E5-8AAC9FB7851E}.Debug|x64.ActiveCfg = Debug|Any CPU
		{2054AF05-8342-46D5-83E5-8AAC9FB7851E}.Debug|x64.Build.0 = Debug|Any CPU
		{2054AF05-8342-46D5-83E5-8AAC9FB7851E}.Debug|x86.ActiveCfg = Debug|Any CPU
		{2054AF05-8342-46D5-83E5-8AAC9FB7851E}.Debug|x86.Build.0 = Debug|Any CPU
		{2054AF05-8342-46D5-83E5-8AAC9FB7851E}.Release|Any CPU.ActiveCfg = Release|Any CPU
		{2054AF05-8342-46D5-83E5-8AAC9FB7851E}.Release|Any CPU.Build.0 = Release|Any CPU
		{2054AF05-8342-46D5-83E5-8AAC9FB7851E}.Release|x64.ActiveCfg = Release|Any CPU
		{2054AF05-8342-46D5-83E5-8AAC9FB7851E}.Release|x64.Build.0 = Release|Any CPU
		{2054AF05-8342-46D5-83E5-8AAC9FB7851E}.Release|x86.ActiveCfg = Release|Any CPU
		{2054AF05-8342-46D5-83E5-8AAC9FB7851E}.Release|x86.Build.0 = Release|Any CPU
		{345F570D-7E3C-4633-B3EB-7E55C07A0F67}.Debug|Any CPU.ActiveCfg = Debug|Any CPU
		{345F570D-7E3C-4633-B3EB-7E55C07A0F67}.Debug|Any CPU.Build.0 = Debug|Any CPU
		{345F570D-7E3C-4633-B3EB-7E55C07A0F67}.Debug|x64.ActiveCfg = Debug|Any CPU
		{345F570D-7E3C-4633-B3EB-7E55C07A0F67}.Debug|x64.Build.0 = Debug|Any CPU
		{345F570D-7E3C-4633-B3EB-7E55C07A0F67}.Debug|x86.ActiveCfg = Debug|Any CPU
		{345F570D-7E3C-4633-B3EB-7E55C07A0F67}.Debug|x86.Build.0 = Debug|Any CPU
		{345F570D-7E3C-4633-B3EB-7E55C07A0F67}.Release|Any CPU.ActiveCfg = Release|Any CPU
		{345F570D-7E3C-4633-B3EB-7E55C07A0F67}.Release|Any CPU.Build.0 = Release|Any CPU
		{345F570D-7E3C-4633-B3EB-7E55C07A0F67}.Release|x64.ActiveCfg = Release|Any CPU
		{345F570D-7E3C-4633-B3EB-7E55C07A0F67}.Release|x64.Build.0 = Release|Any CPU
		{345F570D-7E3C-4633-B3EB-7E55C07A0F67}.Release|x86.ActiveCfg = Release|Any CPU
		{345F570D-7E3C-4633-B3EB-7E55C07A0F67}.Release|x86.Build.0 = Release|Any CPU
		{2DEF4866-7730-4AAC-8192-AEFDB87C5A80}.Debug|Any CPU.ActiveCfg = Debug|Any CPU
		{2DEF4866-7730-4AAC-8192-AEFDB87C5A80}.Debug|Any CPU.Build.0 = Debug|Any CPU
		{2DEF4866-7730-4AAC-8192-AEFDB87C5A80}.Debug|x64.ActiveCfg = Debug|Any CPU
		{2DEF4866-7730-4AAC-8192-AEFDB87C5A80}.Debug|x64.Build.0 = Debug|Any CPU
		{2DEF4866-7730-4AAC-8192-AEFDB87C5A80}.Debug|x86.ActiveCfg = Debug|Any CPU
		{2DEF4866-7730-4AAC-8192-AEFDB87C5A80}.Debug|x86.Build.0 = Debug|Any CPU
		{2DEF4866-7730-4AAC-8192-AEFDB87C5A80}.Release|Any CPU.ActiveCfg = Release|Any CPU
		{2DEF4866-7730-4AAC-8192-AEFDB87C5A80}.Release|Any CPU.Build.0 = Release|Any CPU
		{2DEF4866-7730-4AAC-8192-AEFDB87C5A80}.Release|x64.ActiveCfg = Release|Any CPU
		{2DEF4866-7730-4AAC-8192-AEFDB87C5A80}.Release|x64.Build.0 = Release|Any CPU
		{2DEF4866-7730-4AAC-8192-AEFDB87C5A80}.Release|x86.ActiveCfg = Release|Any CPU
		{2DEF4866-7730-4AAC-8192-AEFDB87C5A80}.Release|x86.Build.0 = Release|Any CPU
		{DF10F93B-78D9-43C2-8C35-1C3F253F801A}.Debug|Any CPU.ActiveCfg = Debug|Any CPU
		{DF10F93B-78D9-43C2-8C35-1C3F253F801A}.Debug|Any CPU.Build.0 = Debug|Any CPU
		{DF10F93B-78D9-43C2-8C35-1C3F253F801A}.Debug|x64.ActiveCfg = Debug|Any CPU
		{DF10F93B-78D9-43C2-8C35-1C3F253F801A}.Debug|x64.Build.0 = Debug|Any CPU
		{DF10F93B-78D9-43C2-8C35-1C3F253F801A}.Debug|x86.ActiveCfg = Debug|Any CPU
		{DF10F93B-78D9-43C2-8C35-1C3F253F801A}.Debug|x86.Build.0 = Debug|Any CPU
		{DF10F93B-78D9-43C2-8C35-1C3F253F801A}.Release|Any CPU.ActiveCfg = Release|Any CPU
		{DF10F93B-78D9-43C2-8C35-1C3F253F801A}.Release|Any CPU.Build.0 = Release|Any CPU
		{DF10F93B-78D9-43C2-8C35-1C3F253F801A}.Release|x64.ActiveCfg = Release|Any CPU
		{DF10F93B-78D9-43C2-8C35-1C3F253F801A}.Release|x64.Build.0 = Release|Any CPU
		{DF10F93B-78D9-43C2-8C35-1C3F253F801A}.Release|x86.ActiveCfg = Release|Any CPU
		{DF10F93B-78D9-43C2-8C35-1C3F253F801A}.Release|x86.Build.0 = Release|Any CPU
		{83AD3DC2-0485-47EA-8F6F-0940743C3192}.Debug|Any CPU.ActiveCfg = Debug|Any CPU
		{83AD3DC2-0485-47EA-8F6F-0940743C3192}.Debug|Any CPU.Build.0 = Debug|Any CPU
		{83AD3DC2-0485-47EA-8F6F-0940743C3192}.Debug|x64.ActiveCfg = Debug|Any CPU
		{83AD3DC2-0485-47EA-8F6F-0940743C3192}.Debug|x64.Build.0 = Debug|Any CPU
		{83AD3DC2-0485-47EA-8F6F-0940743C3192}.Debug|x86.ActiveCfg = Debug|Any CPU
		{83AD3DC2-0485-47EA-8F6F-0940743C3192}.Debug|x86.Build.0 = Debug|Any CPU
		{83AD3DC2-0485-47EA-8F6F-0940743C3192}.Release|Any CPU.ActiveCfg = Release|Any CPU
		{83AD3DC2-0485-47EA-8F6F-0940743C3192}.Release|Any CPU.Build.0 = Release|Any CPU
		{83AD3DC2-0485-47EA-8F6F-0940743C3192}.Release|x64.ActiveCfg = Release|Any CPU
		{83AD3DC2-0485-47EA-8F6F-0940743C3192}.Release|x64.Build.0 = Release|Any CPU
		{83AD3DC2-0485-47EA-8F6F-0940743C3192}.Release|x86.ActiveCfg = Release|Any CPU
		{83AD3DC2-0485-47EA-8F6F-0940743C3192}.Release|x86.Build.0 = Release|Any CPU
		{C7350B76-4C6B-4A06-9E6B-D4670212B2CC}.Debug|Any CPU.ActiveCfg = Debug|Any CPU
		{C7350B76-4C6B-4A06-9E6B-D4670212B2CC}.Debug|Any CPU.Build.0 = Debug|Any CPU
		{C7350B76-4C6B-4A06-9E6B-D4670212B2CC}.Debug|x64.ActiveCfg = Debug|Any CPU
		{C7350B76-4C6B-4A06-9E6B-D4670212B2CC}.Debug|x64.Build.0 = Debug|Any CPU
		{C7350B76-4C6B-4A06-9E6B-D4670212B2CC}.Debug|x86.ActiveCfg = Debug|Any CPU
		{C7350B76-4C6B-4A06-9E6B-D4670212B2CC}.Debug|x86.Build.0 = Debug|Any CPU
		{C7350B76-4C6B-4A06-9E6B-D4670212B2CC}.Release|Any CPU.ActiveCfg = Release|Any CPU
		{C7350B76-4C6B-4A06-9E6B-D4670212B2CC}.Release|Any CPU.Build.0 = Release|Any CPU
		{C7350B76-4C6B-4A06-9E6B-D4670212B2CC}.Release|x64.ActiveCfg = Release|Any CPU
		{C7350B76-4C6B-4A06-9E6B-D4670212B2CC}.Release|x64.Build.0 = Release|Any CPU
		{C7350B76-4C6B-4A06-9E6B-D4670212B2CC}.Release|x86.ActiveCfg = Release|Any CPU
		{C7350B76-4C6B-4A06-9E6B-D4670212B2CC}.Release|x86.Build.0 = Release|Any CPU
		{A0525F9A-524D-4D5B-85AC-D185CB8CBF3A}.Debug|Any CPU.ActiveCfg = Debug|Any CPU
		{A0525F9A-524D-4D5B-85AC-D185CB8CBF3A}.Debug|Any CPU.Build.0 = Debug|Any CPU
		{A0525F9A-524D-4D5B-85AC-D185CB8CBF3A}.Debug|x64.ActiveCfg = Debug|Any CPU
		{A0525F9A-524D-4D5B-85AC-D185CB8CBF3A}.Debug|x64.Build.0 = Debug|Any CPU
		{A0525F9A-524D-4D5B-85AC-D185CB8CBF3A}.Debug|x86.ActiveCfg = Debug|Any CPU
		{A0525F9A-524D-4D5B-85AC-D185CB8CBF3A}.Debug|x86.Build.0 = Debug|Any CPU
		{A0525F9A-524D-4D5B-85AC-D185CB8CBF3A}.Release|Any CPU.ActiveCfg = Release|Any CPU
		{A0525F9A-524D-4D5B-85AC-D185CB8CBF3A}.Release|Any CPU.Build.0 = Release|Any CPU
		{A0525F9A-524D-4D5B-85AC-D185CB8CBF3A}.Release|x64.ActiveCfg = Release|Any CPU
		{A0525F9A-524D-4D5B-85AC-D185CB8CBF3A}.Release|x64.Build.0 = Release|Any CPU
		{A0525F9A-524D-4D5B-85AC-D185CB8CBF3A}.Release|x86.ActiveCfg = Release|Any CPU
		{A0525F9A-524D-4D5B-85AC-D185CB8CBF3A}.Release|x86.Build.0 = Release|Any CPU
		{AC916B25-C90C-4BE9-A388-7CE29ACA6586}.Debug|Any CPU.ActiveCfg = Debug|Any CPU
		{AC916B25-C90C-4BE9-A388-7CE29ACA6586}.Debug|Any CPU.Build.0 = Debug|Any CPU
		{AC916B25-C90C-4BE9-A388-7CE29ACA6586}.Debug|x64.ActiveCfg = Debug|Any CPU
		{AC916B25-C90C-4BE9-A388-7CE29ACA6586}.Debug|x64.Build.0 = Debug|Any CPU
		{AC916B25-C90C-4BE9-A388-7CE29ACA6586}.Debug|x86.ActiveCfg = Debug|Any CPU
		{AC916B25-C90C-4BE9-A388-7CE29ACA6586}.Debug|x86.Build.0 = Debug|Any CPU
		{AC916B25-C90C-4BE9-A388-7CE29ACA6586}.Release|Any CPU.ActiveCfg = Release|Any CPU
		{AC916B25-C90C-4BE9-A388-7CE29ACA6586}.Release|Any CPU.Build.0 = Release|Any CPU
		{AC916B25-C90C-4BE9-A388-7CE29ACA6586}.Release|x64.ActiveCfg = Release|Any CPU
		{AC916B25-C90C-4BE9-A388-7CE29ACA6586}.Release|x64.Build.0 = Release|Any CPU
		{AC916B25-C90C-4BE9-A388-7CE29ACA6586}.Release|x86.ActiveCfg = Release|Any CPU
		{AC916B25-C90C-4BE9-A388-7CE29ACA6586}.Release|x86.Build.0 = Release|Any CPU
		{4A5B6C9B-26A2-43C8-A40A-6560071B8F7A}.Debug|Any CPU.ActiveCfg = Debug|Any CPU
		{4A5B6C9B-26A2-43C8-A40A-6560071B8F7A}.Debug|Any CPU.Build.0 = Debug|Any CPU
		{4A5B6C9B-26A2-43C8-A40A-6560071B8F7A}.Debug|x64.ActiveCfg = Debug|Any CPU
		{4A5B6C9B-26A2-43C8-A40A-6560071B8F7A}.Debug|x64.Build.0 = Debug|Any CPU
		{4A5B6C9B-26A2-43C8-A40A-6560071B8F7A}.Debug|x86.ActiveCfg = Debug|Any CPU
		{4A5B6C9B-26A2-43C8-A40A-6560071B8F7A}.Debug|x86.Build.0 = Debug|Any CPU
		{4A5B6C9B-26A2-43C8-A40A-6560071B8F7A}.Release|Any CPU.ActiveCfg = Release|Any CPU
		{4A5B6C9B-26A2-43C8-A40A-6560071B8F7A}.Release|Any CPU.Build.0 = Release|Any CPU
		{4A5B6C9B-26A2-43C8-A40A-6560071B8F7A}.Release|x64.ActiveCfg = Release|Any CPU
		{4A5B6C9B-26A2-43C8-A40A-6560071B8F7A}.Release|x64.Build.0 = Release|Any CPU
		{4A5B6C9B-26A2-43C8-A40A-6560071B8F7A}.Release|x86.ActiveCfg = Release|Any CPU
		{4A5B6C9B-26A2-43C8-A40A-6560071B8F7A}.Release|x86.Build.0 = Release|Any CPU
		{BE6B8D5E-326F-413C-88AD-7F7A9AC66466}.Debug|Any CPU.ActiveCfg = Debug|Any CPU
		{BE6B8D5E-326F-413C-88AD-7F7A9AC66466}.Debug|Any CPU.Build.0 = Debug|Any CPU
		{BE6B8D5E-326F-413C-88AD-7F7A9AC66466}.Debug|x64.ActiveCfg = Debug|Any CPU
		{BE6B8D5E-326F-413C-88AD-7F7A9AC66466}.Debug|x64.Build.0 = Debug|Any CPU
		{BE6B8D5E-326F-413C-88AD-7F7A9AC66466}.Debug|x86.ActiveCfg = Debug|Any CPU
		{BE6B8D5E-326F-413C-88AD-7F7A9AC66466}.Debug|x86.Build.0 = Debug|Any CPU
		{BE6B8D5E-326F-413C-88AD-7F7A9AC66466}.Release|Any CPU.ActiveCfg = Release|Any CPU
		{BE6B8D5E-326F-413C-88AD-7F7A9AC66466}.Release|Any CPU.Build.0 = Release|Any CPU
		{BE6B8D5E-326F-413C-88AD-7F7A9AC66466}.Release|x64.ActiveCfg = Release|Any CPU
		{BE6B8D5E-326F-413C-88AD-7F7A9AC66466}.Release|x64.Build.0 = Release|Any CPU
		{BE6B8D5E-326F-413C-88AD-7F7A9AC66466}.Release|x86.ActiveCfg = Release|Any CPU
		{BE6B8D5E-326F-413C-88AD-7F7A9AC66466}.Release|x86.Build.0 = Release|Any CPU
		{B2FF4FFD-3243-4B15-89B3-BB53D947AFC6}.Debug|Any CPU.ActiveCfg = Debug|Any CPU
		{B2FF4FFD-3243-4B15-89B3-BB53D947AFC6}.Debug|Any CPU.Build.0 = Debug|Any CPU
		{B2FF4FFD-3243-4B15-89B3-BB53D947AFC6}.Debug|x64.ActiveCfg = Debug|Any CPU
		{B2FF4FFD-3243-4B15-89B3-BB53D947AFC6}.Debug|x64.Build.0 = Debug|Any CPU
		{B2FF4FFD-3243-4B15-89B3-BB53D947AFC6}.Debug|x86.ActiveCfg = Debug|Any CPU
		{B2FF4FFD-3243-4B15-89B3-BB53D947AFC6}.Debug|x86.Build.0 = Debug|Any CPU
		{B2FF4FFD-3243-4B15-89B3-BB53D947AFC6}.Release|Any CPU.ActiveCfg = Release|Any CPU
		{B2FF4FFD-3243-4B15-89B3-BB53D947AFC6}.Release|Any CPU.Build.0 = Release|Any CPU
		{B2FF4FFD-3243-4B15-89B3-BB53D947AFC6}.Release|x64.ActiveCfg = Release|Any CPU
		{B2FF4FFD-3243-4B15-89B3-BB53D947AFC6}.Release|x64.Build.0 = Release|Any CPU
		{B2FF4FFD-3243-4B15-89B3-BB53D947AFC6}.Release|x86.ActiveCfg = Release|Any CPU
		{B2FF4FFD-3243-4B15-89B3-BB53D947AFC6}.Release|x86.Build.0 = Release|Any CPU
		{9262309A-3939-4A01-A31B-E878389CC83F}.Debug|Any CPU.ActiveCfg = Debug|Any CPU
		{9262309A-3939-4A01-A31B-E878389CC83F}.Debug|Any CPU.Build.0 = Debug|Any CPU
		{9262309A-3939-4A01-A31B-E878389CC83F}.Debug|x64.ActiveCfg = Debug|Any CPU
		{9262309A-3939-4A01-A31B-E878389CC83F}.Debug|x64.Build.0 = Debug|Any CPU
		{9262309A-3939-4A01-A31B-E878389CC83F}.Debug|x86.ActiveCfg = Debug|Any CPU
		{9262309A-3939-4A01-A31B-E878389CC83F}.Debug|x86.Build.0 = Debug|Any CPU
		{9262309A-3939-4A01-A31B-E878389CC83F}.Release|Any CPU.ActiveCfg = Release|Any CPU
		{9262309A-3939-4A01-A31B-E878389CC83F}.Release|Any CPU.Build.0 = Release|Any CPU
		{9262309A-3939-4A01-A31B-E878389CC83F}.Release|x64.ActiveCfg = Release|Any CPU
		{9262309A-3939-4A01-A31B-E878389CC83F}.Release|x64.Build.0 = Release|Any CPU
		{9262309A-3939-4A01-A31B-E878389CC83F}.Release|x86.ActiveCfg = Release|Any CPU
		{9262309A-3939-4A01-A31B-E878389CC83F}.Release|x86.Build.0 = Release|Any CPU
		{3DA278A2-5C17-4B90-BFF9-0AC8231C0762}.Debug|Any CPU.ActiveCfg = Debug|Any CPU
		{3DA278A2-5C17-4B90-BFF9-0AC8231C0762}.Debug|Any CPU.Build.0 = Debug|Any CPU
		{3DA278A2-5C17-4B90-BFF9-0AC8231C0762}.Debug|x64.ActiveCfg = Debug|Any CPU
		{3DA278A2-5C17-4B90-BFF9-0AC8231C0762}.Debug|x64.Build.0 = Debug|Any CPU
		{3DA278A2-5C17-4B90-BFF9-0AC8231C0762}.Debug|x86.ActiveCfg = Debug|Any CPU
		{3DA278A2-5C17-4B90-BFF9-0AC8231C0762}.Debug|x86.Build.0 = Debug|Any CPU
		{3DA278A2-5C17-4B90-BFF9-0AC8231C0762}.Release|Any CPU.ActiveCfg = Release|Any CPU
		{3DA278A2-5C17-4B90-BFF9-0AC8231C0762}.Release|Any CPU.Build.0 = Release|Any CPU
		{3DA278A2-5C17-4B90-BFF9-0AC8231C0762}.Release|x64.ActiveCfg = Release|Any CPU
		{3DA278A2-5C17-4B90-BFF9-0AC8231C0762}.Release|x64.Build.0 = Release|Any CPU
		{3DA278A2-5C17-4B90-BFF9-0AC8231C0762}.Release|x86.ActiveCfg = Release|Any CPU
		{3DA278A2-5C17-4B90-BFF9-0AC8231C0762}.Release|x86.Build.0 = Release|Any CPU
		{108C43D6-1D17-44F2-A4C9-DD9417FC21BB}.Debug|Any CPU.ActiveCfg = Debug|Any CPU
		{108C43D6-1D17-44F2-A4C9-DD9417FC21BB}.Debug|Any CPU.Build.0 = Debug|Any CPU
		{108C43D6-1D17-44F2-A4C9-DD9417FC21BB}.Debug|x64.ActiveCfg = Debug|Any CPU
		{108C43D6-1D17-44F2-A4C9-DD9417FC21BB}.Debug|x64.Build.0 = Debug|Any CPU
		{108C43D6-1D17-44F2-A4C9-DD9417FC21BB}.Debug|x86.ActiveCfg = Debug|Any CPU
		{108C43D6-1D17-44F2-A4C9-DD9417FC21BB}.Debug|x86.Build.0 = Debug|Any CPU
		{108C43D6-1D17-44F2-A4C9-DD9417FC21BB}.Release|Any CPU.ActiveCfg = Release|Any CPU
		{108C43D6-1D17-44F2-A4C9-DD9417FC21BB}.Release|Any CPU.Build.0 = Release|Any CPU
		{108C43D6-1D17-44F2-A4C9-DD9417FC21BB}.Release|x64.ActiveCfg = Release|Any CPU
		{108C43D6-1D17-44F2-A4C9-DD9417FC21BB}.Release|x64.Build.0 = Release|Any CPU
		{108C43D6-1D17-44F2-A4C9-DD9417FC21BB}.Release|x86.ActiveCfg = Release|Any CPU
		{108C43D6-1D17-44F2-A4C9-DD9417FC21BB}.Release|x86.Build.0 = Release|Any CPU
		{1A9AF2A0-7169-4A4E-B922-73DE1015F388}.Debug|Any CPU.ActiveCfg = Debug|Any CPU
		{1A9AF2A0-7169-4A4E-B922-73DE1015F388}.Debug|Any CPU.Build.0 = Debug|Any CPU
		{1A9AF2A0-7169-4A4E-B922-73DE1015F388}.Debug|x64.ActiveCfg = Debug|Any CPU
		{1A9AF2A0-7169-4A4E-B922-73DE1015F388}.Debug|x64.Build.0 = Debug|Any CPU
		{1A9AF2A0-7169-4A4E-B922-73DE1015F388}.Debug|x86.ActiveCfg = Debug|Any CPU
		{1A9AF2A0-7169-4A4E-B922-73DE1015F388}.Debug|x86.Build.0 = Debug|Any CPU
		{1A9AF2A0-7169-4A4E-B922-73DE1015F388}.Release|Any CPU.ActiveCfg = Release|Any CPU
		{1A9AF2A0-7169-4A4E-B922-73DE1015F388}.Release|Any CPU.Build.0 = Release|Any CPU
		{1A9AF2A0-7169-4A4E-B922-73DE1015F388}.Release|x64.ActiveCfg = Release|Any CPU
		{1A9AF2A0-7169-4A4E-B922-73DE1015F388}.Release|x64.Build.0 = Release|Any CPU
		{1A9AF2A0-7169-4A4E-B922-73DE1015F388}.Release|x86.ActiveCfg = Release|Any CPU
		{1A9AF2A0-7169-4A4E-B922-73DE1015F388}.Release|x86.Build.0 = Release|Any CPU
		{1D3588F8-1B11-40C8-8C5F-7F7BFF86BEF7}.Debug|Any CPU.ActiveCfg = Debug|Any CPU
		{1D3588F8-1B11-40C8-8C5F-7F7BFF86BEF7}.Debug|Any CPU.Build.0 = Debug|Any CPU
		{1D3588F8-1B11-40C8-8C5F-7F7BFF86BEF7}.Debug|x64.ActiveCfg = Debug|Any CPU
		{1D3588F8-1B11-40C8-8C5F-7F7BFF86BEF7}.Debug|x64.Build.0 = Debug|Any CPU
		{1D3588F8-1B11-40C8-8C5F-7F7BFF86BEF7}.Debug|x86.ActiveCfg = Debug|Any CPU
		{1D3588F8-1B11-40C8-8C5F-7F7BFF86BEF7}.Debug|x86.Build.0 = Debug|Any CPU
		{1D3588F8-1B11-40C8-8C5F-7F7BFF86BEF7}.Release|Any CPU.ActiveCfg = Release|Any CPU
		{1D3588F8-1B11-40C8-8C5F-7F7BFF86BEF7}.Release|Any CPU.Build.0 = Release|Any CPU
		{1D3588F8-1B11-40C8-8C5F-7F7BFF86BEF7}.Release|x64.ActiveCfg = Release|Any CPU
		{1D3588F8-1B11-40C8-8C5F-7F7BFF86BEF7}.Release|x64.Build.0 = Release|Any CPU
		{1D3588F8-1B11-40C8-8C5F-7F7BFF86BEF7}.Release|x86.ActiveCfg = Release|Any CPU
		{1D3588F8-1B11-40C8-8C5F-7F7BFF86BEF7}.Release|x86.Build.0 = Release|Any CPU
		{2F774F46-C635-4F25-8A59-463EDAA528A0}.Debug|Any CPU.ActiveCfg = Debug|Any CPU
		{2F774F46-C635-4F25-8A59-463EDAA528A0}.Debug|Any CPU.Build.0 = Debug|Any CPU
		{2F774F46-C635-4F25-8A59-463EDAA528A0}.Debug|x64.ActiveCfg = Debug|Any CPU
		{2F774F46-C635-4F25-8A59-463EDAA528A0}.Debug|x64.Build.0 = Debug|Any CPU
		{2F774F46-C635-4F25-8A59-463EDAA528A0}.Debug|x86.ActiveCfg = Debug|Any CPU
		{2F774F46-C635-4F25-8A59-463EDAA528A0}.Debug|x86.Build.0 = Debug|Any CPU
		{2F774F46-C635-4F25-8A59-463EDAA528A0}.Release|Any CPU.ActiveCfg = Release|Any CPU
		{2F774F46-C635-4F25-8A59-463EDAA528A0}.Release|Any CPU.Build.0 = Release|Any CPU
		{2F774F46-C635-4F25-8A59-463EDAA528A0}.Release|x64.ActiveCfg = Release|Any CPU
		{2F774F46-C635-4F25-8A59-463EDAA528A0}.Release|x64.Build.0 = Release|Any CPU
		{2F774F46-C635-4F25-8A59-463EDAA528A0}.Release|x86.ActiveCfg = Release|Any CPU
		{2F774F46-C635-4F25-8A59-463EDAA528A0}.Release|x86.Build.0 = Release|Any CPU
		{42538997-A156-4B13-AFBF-9A0F100547D8}.Debug|Any CPU.ActiveCfg = Debug|Any CPU
		{42538997-A156-4B13-AFBF-9A0F100547D8}.Debug|Any CPU.Build.0 = Debug|Any CPU
		{42538997-A156-4B13-AFBF-9A0F100547D8}.Debug|x64.ActiveCfg = Debug|Any CPU
		{42538997-A156-4B13-AFBF-9A0F100547D8}.Debug|x64.Build.0 = Debug|Any CPU
		{42538997-A156-4B13-AFBF-9A0F100547D8}.Debug|x86.ActiveCfg = Debug|Any CPU
		{42538997-A156-4B13-AFBF-9A0F100547D8}.Debug|x86.Build.0 = Debug|Any CPU
		{42538997-A156-4B13-AFBF-9A0F100547D8}.Release|Any CPU.ActiveCfg = Release|Any CPU
		{42538997-A156-4B13-AFBF-9A0F100547D8}.Release|Any CPU.Build.0 = Release|Any CPU
		{42538997-A156-4B13-AFBF-9A0F100547D8}.Release|x64.ActiveCfg = Release|Any CPU
		{42538997-A156-4B13-AFBF-9A0F100547D8}.Release|x64.Build.0 = Release|Any CPU
		{42538997-A156-4B13-AFBF-9A0F100547D8}.Release|x86.ActiveCfg = Release|Any CPU
		{42538997-A156-4B13-AFBF-9A0F100547D8}.Release|x86.Build.0 = Release|Any CPU
		{0F8CFC3D-1E49-4A2C-AC66-B1189D4FBB11}.Debug|Any CPU.ActiveCfg = Debug|Any CPU
		{0F8CFC3D-1E49-4A2C-AC66-B1189D4FBB11}.Debug|Any CPU.Build.0 = Debug|Any CPU
		{0F8CFC3D-1E49-4A2C-AC66-B1189D4FBB11}.Debug|x64.ActiveCfg = Debug|Any CPU
		{0F8CFC3D-1E49-4A2C-AC66-B1189D4FBB11}.Debug|x64.Build.0 = Debug|Any CPU
		{0F8CFC3D-1E49-4A2C-AC66-B1189D4FBB11}.Debug|x86.ActiveCfg = Debug|Any CPU
		{0F8CFC3D-1E49-4A2C-AC66-B1189D4FBB11}.Debug|x86.Build.0 = Debug|Any CPU
		{0F8CFC3D-1E49-4A2C-AC66-B1189D4FBB11}.Release|Any CPU.ActiveCfg = Release|Any CPU
		{0F8CFC3D-1E49-4A2C-AC66-B1189D4FBB11}.Release|Any CPU.Build.0 = Release|Any CPU
		{0F8CFC3D-1E49-4A2C-AC66-B1189D4FBB11}.Release|x64.ActiveCfg = Release|Any CPU
		{0F8CFC3D-1E49-4A2C-AC66-B1189D4FBB11}.Release|x64.Build.0 = Release|Any CPU
		{0F8CFC3D-1E49-4A2C-AC66-B1189D4FBB11}.Release|x86.ActiveCfg = Release|Any CPU
		{0F8CFC3D-1E49-4A2C-AC66-B1189D4FBB11}.Release|x86.Build.0 = Release|Any CPU
		{E611DE28-02B9-40E8-9D7F-FB7A97A4978F}.Debug|Any CPU.ActiveCfg = Debug|Any CPU
		{E611DE28-02B9-40E8-9D7F-FB7A97A4978F}.Debug|Any CPU.Build.0 = Debug|Any CPU
		{E611DE28-02B9-40E8-9D7F-FB7A97A4978F}.Debug|x64.ActiveCfg = Debug|Any CPU
		{E611DE28-02B9-40E8-9D7F-FB7A97A4978F}.Debug|x64.Build.0 = Debug|Any CPU
		{E611DE28-02B9-40E8-9D7F-FB7A97A4978F}.Debug|x86.ActiveCfg = Debug|Any CPU
		{E611DE28-02B9-40E8-9D7F-FB7A97A4978F}.Debug|x86.Build.0 = Debug|Any CPU
		{E611DE28-02B9-40E8-9D7F-FB7A97A4978F}.Release|Any CPU.ActiveCfg = Release|Any CPU
		{E611DE28-02B9-40E8-9D7F-FB7A97A4978F}.Release|Any CPU.Build.0 = Release|Any CPU
		{E611DE28-02B9-40E8-9D7F-FB7A97A4978F}.Release|x64.ActiveCfg = Release|Any CPU
		{E611DE28-02B9-40E8-9D7F-FB7A97A4978F}.Release|x64.Build.0 = Release|Any CPU
		{E611DE28-02B9-40E8-9D7F-FB7A97A4978F}.Release|x86.ActiveCfg = Release|Any CPU
		{E611DE28-02B9-40E8-9D7F-FB7A97A4978F}.Release|x86.Build.0 = Release|Any CPU
		{EDFB2D28-4949-44CF-8FFE-39F9C5A6FA57}.Debug|Any CPU.ActiveCfg = Debug|Any CPU
		{EDFB2D28-4949-44CF-8FFE-39F9C5A6FA57}.Debug|Any CPU.Build.0 = Debug|Any CPU
		{EDFB2D28-4949-44CF-8FFE-39F9C5A6FA57}.Debug|x64.ActiveCfg = Debug|Any CPU
		{EDFB2D28-4949-44CF-8FFE-39F9C5A6FA57}.Debug|x64.Build.0 = Debug|Any CPU
		{EDFB2D28-4949-44CF-8FFE-39F9C5A6FA57}.Debug|x86.ActiveCfg = Debug|Any CPU
		{EDFB2D28-4949-44CF-8FFE-39F9C5A6FA57}.Debug|x86.Build.0 = Debug|Any CPU
		{EDFB2D28-4949-44CF-8FFE-39F9C5A6FA57}.Release|Any CPU.ActiveCfg = Release|Any CPU
		{EDFB2D28-4949-44CF-8FFE-39F9C5A6FA57}.Release|Any CPU.Build.0 = Release|Any CPU
		{EDFB2D28-4949-44CF-8FFE-39F9C5A6FA57}.Release|x64.ActiveCfg = Release|Any CPU
		{EDFB2D28-4949-44CF-8FFE-39F9C5A6FA57}.Release|x64.Build.0 = Release|Any CPU
		{EDFB2D28-4949-44CF-8FFE-39F9C5A6FA57}.Release|x86.ActiveCfg = Release|Any CPU
		{EDFB2D28-4949-44CF-8FFE-39F9C5A6FA57}.Release|x86.Build.0 = Release|Any CPU
		{9B42379F-EFF7-4C95-A931-F64F3BD79243}.Debug|Any CPU.ActiveCfg = Debug|Any CPU
		{9B42379F-EFF7-4C95-A931-F64F3BD79243}.Debug|Any CPU.Build.0 = Debug|Any CPU
		{9B42379F-EFF7-4C95-A931-F64F3BD79243}.Debug|x64.ActiveCfg = Debug|Any CPU
		{9B42379F-EFF7-4C95-A931-F64F3BD79243}.Debug|x64.Build.0 = Debug|Any CPU
		{9B42379F-EFF7-4C95-A931-F64F3BD79243}.Debug|x86.ActiveCfg = Debug|Any CPU
		{9B42379F-EFF7-4C95-A931-F64F3BD79243}.Debug|x86.Build.0 = Debug|Any CPU
		{9B42379F-EFF7-4C95-A931-F64F3BD79243}.Release|Any CPU.ActiveCfg = Release|Any CPU
		{9B42379F-EFF7-4C95-A931-F64F3BD79243}.Release|Any CPU.Build.0 = Release|Any CPU
		{9B42379F-EFF7-4C95-A931-F64F3BD79243}.Release|x64.ActiveCfg = Release|Any CPU
		{9B42379F-EFF7-4C95-A931-F64F3BD79243}.Release|x64.Build.0 = Release|Any CPU
		{9B42379F-EFF7-4C95-A931-F64F3BD79243}.Release|x86.ActiveCfg = Release|Any CPU
		{9B42379F-EFF7-4C95-A931-F64F3BD79243}.Release|x86.Build.0 = Release|Any CPU
	EndGlobalSection
	GlobalSection(SolutionProperties) = preSolution
		HideSolutionNode = FALSE
	EndGlobalSection
	GlobalSection(NestedProjects) = preSolution
		{BB1088B0-1700-4EAE-BAA5-065A77BD9315} = {827E0CD3-B72D-47B6-A68D-7590B98EB39B}
		{9F04A477-13AF-456C-9A5F-B7BFBE152A71} = {827E0CD3-B72D-47B6-A68D-7590B98EB39B}
		{64EB2770-A858-4183-A96C-D4A430C3EC14} = {827E0CD3-B72D-47B6-A68D-7590B98EB39B}
		{0B8AC284-2119-4AD4-A2C6-B44AB8087070} = {827E0CD3-B72D-47B6-A68D-7590B98EB39B}
		{60CF016F-1561-4293-BE3B-EE8A62F01D16} = {827E0CD3-B72D-47B6-A68D-7590B98EB39B}
		{356BEF8E-A133-4F00-A3D7-5E1E49BA881E} = {827E0CD3-B72D-47B6-A68D-7590B98EB39B}
		{65CE25F6-7E1C-4746-971B-FD46F6D856FE} = {827E0CD3-B72D-47B6-A68D-7590B98EB39B}
		{02AC381E-EB6D-4AC7-BC72-71493AF338AF} = {827E0CD3-B72D-47B6-A68D-7590B98EB39B}
		{44BD2A94-E18D-4672-B3E9-FD8F030DB965} = {827E0CD3-B72D-47B6-A68D-7590B98EB39B}
		{52EA8A63-F25F-4CCC-8153-37EA7D2A56E9} = {0AB3BF05-4346-4AA6-1389-037BE0695223}
		{C94D8E06-7368-4EE5-A89F-CC0DE5132F40} = {0AB3BF05-4346-4AA6-1389-037BE0695223}
		{E355E266-6793-4EF6-AA66-81715830BED6} = {0AB3BF05-4346-4AA6-1389-037BE0695223}
		{16598ACA-9F3E-4F85-977B-71A362855A77} = {0AB3BF05-4346-4AA6-1389-037BE0695223}
		{2054AF05-8342-46D5-83E5-8AAC9FB7851E} = {0AB3BF05-4346-4AA6-1389-037BE0695223}
		{345F570D-7E3C-4633-B3EB-7E55C07A0F67} = {0AB3BF05-4346-4AA6-1389-037BE0695223}
		{2DEF4866-7730-4AAC-8192-AEFDB87C5A80} = {0AB3BF05-4346-4AA6-1389-037BE0695223}
		{DF10F93B-78D9-43C2-8C35-1C3F253F801A} = {0AB3BF05-4346-4AA6-1389-037BE0695223}
		{83AD3DC2-0485-47EA-8F6F-0940743C3192} = {827E0CD3-B72D-47B6-A68D-7590B98EB39B}
		{C7350B76-4C6B-4A06-9E6B-D4670212B2CC} = {0AB3BF05-4346-4AA6-1389-037BE0695223}
		{A0525F9A-524D-4D5B-85AC-D185CB8CBF3A} = {827E0CD3-B72D-47B6-A68D-7590B98EB39B}
		{AC916B25-C90C-4BE9-A388-7CE29ACA6586} = {0AB3BF05-4346-4AA6-1389-037BE0695223}
		{4A5B6C9B-26A2-43C8-A40A-6560071B8F7A} = {B0442946-0366-4E6A-A51F-E70B4CFD6997}
		{BE6B8D5E-326F-413C-88AD-7F7A9AC66466} = {0AB3BF05-4346-4AA6-1389-037BE0695223}
		{B2FF4FFD-3243-4B15-89B3-BB53D947AFC6} = {827E0CD3-B72D-47B6-A68D-7590B98EB39B}
		{9262309A-3939-4A01-A31B-E878389CC83F} = {0AB3BF05-4346-4AA6-1389-037BE0695223}
		{3DA278A2-5C17-4B90-BFF9-0AC8231C0762} = {827E0CD3-B72D-47B6-A68D-7590B98EB39B}
		{108C43D6-1D17-44F2-A4C9-DD9417FC21BB} = {0AB3BF05-4346-4AA6-1389-037BE0695223}
		{1A9AF2A0-7169-4A4E-B922-73DE1015F388} = {827E0CD3-B72D-47B6-A68D-7590B98EB39B}
		{1D3588F8-1B11-40C8-8C5F-7F7BFF86BEF7} = {827E0CD3-B72D-47B6-A68D-7590B98EB39B}
		{2F774F46-C635-4F25-8A59-463EDAA528A0} = {827E0CD3-B72D-47B6-A68D-7590B98EB39B}
		{42538997-A156-4B13-AFBF-9A0F100547D8} = {827E0CD3-B72D-47B6-A68D-7590B98EB39B}
		{0F8CFC3D-1E49-4A2C-AC66-B1189D4FBB11} = {0AB3BF05-4346-4AA6-1389-037BE0695223}
		{E611DE28-02B9-40E8-9D7F-FB7A97A4978F} = {0AB3BF05-4346-4AA6-1389-037BE0695223}
		{EDFB2D28-4949-44CF-8FFE-39F9C5A6FA57} = {0AB3BF05-4346-4AA6-1389-037BE0695223}
		{9B42379F-EFF7-4C95-A931-F64F3BD79243} = {0AB3BF05-4346-4AA6-1389-037BE0695223}
	EndGlobalSection
EndGlobal
