
Microsoft Visual Studio Solution File, Format Version 12.00
# Visual Studio Version 17
VisualStudioVersion = 17.0.31903.59
MinimumVisualStudioVersion = 10.0.40219.1
Project("{2150E333-8FDC-42A3-9474-1A3956D46DE8}") = "src", "src", "{827E0CD3-B72D-47B6-A68D-7590B98EB39B}"
EndProject
Project("{FAE04EC0-301F-11D3-BF4B-00C04F79EFBC}") = "IceCrow.App", "src\IceCrow.App\IceCrow.App.csproj", "{BB1088B0-1700-4EAE-BAA5-065A77BD9315}"
EndProject
Project("{FAE04EC0-301F-11D3-BF4B-00C04F79EFBC}") = "IceCrow.Battlegrounds.Memory", "src\IceCrow.Battlegrounds.Memory\IceCrow.Battlegrounds.Memory.csproj", "{9F04A477-13AF-456C-9A5F-B7BFBE152A71}"
EndProject
Project("{FAE04EC0-301F-11D3-BF4B-00C04F79EFBC}") = "IceCrow.Battlegrounds", "src\IceCrow.Battlegrounds\IceCrow.Battlegrounds.csproj", "{64EB2770-A858-4183-A96C-D4A430C3EC14}"
EndProject
Project("{FAE04EC0-301F-11D3-BF4B-00C04F79EFBC}") = "IceCrow.Hearthstone.Entities", "src\IceCrow.Hearthstone.Entities\IceCrow.Hearthstone.Entities.csproj", "{0B8AC284-2119-4AD4-A2C6-B44AB8087070}"
EndProject
Project("{FAE04EC0-301F-11D3-BF4B-00C04F79EFBC}") = "IceCrow.Hearthstone.Logs", "src\IceCrow.Hearthstone.Logs\IceCrow.Hearthstone.Logs.csproj", "{60CF016F-1561-4293-BE3B-EE8A62F01D16}"
EndProject
Project("{FAE04EC0-301F-11D3-BF4B-00C04F79EFBC}") = "IceCrow.Hearthstone.Protocol", "src\IceCrow.Hearthstone.Protocol\IceCrow.Hearthstone.Protocol.csproj", "{356BEF8E-A133-4F00-A3D7-5E1E49BA881E}"
EndProject
Project("{FAE04EC0-301F-11D3-BF4B-00C04F79EFBC}") = "IceCrow.Overlay", "src\IceCrow.Overlay\IceCrow.Overlay.csproj", "{65CE25F6-7E1C-4746-971B-FD46F6D856FE}"
EndProject
Project("{FAE04EC0-301F-11D3-BF4B-00C04F79EFBC}") = "IceCrow.Platform.Windows", "src\IceCrow.Platform.Windows\IceCrow.Platform.Windows.csproj", "{02AC381E-EB6D-4AC7-BC72-71493AF338AF}"
EndProject
Project("{FAE04EC0-301F-11D3-BF4B-00C04F79EFBC}") = "IceCrow.Recording", "src\IceCrow.Recording\IceCrow.Recording.csproj", "{44BD2A94-E18D-4672-B3E9-FD8F030DB965}"
EndProject
Project("{2150E333-8FDC-42A3-9474-1A3956D46DE8}") = "tests", "tests", "{0AB3BF05-4346-4AA6-1389-037BE0695223}"
EndProject
Project("{FAE04EC0-301F-11D3-BF4B-00C04F79EFBC}") = "IceCrow.Battlegrounds.Tests", "tests\IceCrow.Battlegrounds.Tests\IceCrow.Battlegrounds.Tests.csproj", "{52EA8A63-F25F-4CCC-8153-37EA7D2A56E9}"
EndProject
Project("{FAE04EC0-301F-11D3-BF4B-00C04F79EFBC}") = "IceCrow.Battlegrounds.Memory.Tests", "tests\IceCrow.Battlegrounds.Memory.Tests\IceCrow.Battlegrounds.Memory.Tests.csproj", "{C94D8E06-7368-4EE5-A89F-CC0DE5132F40}"
EndProject
Project("{FAE04EC0-301F-11D3-BF4B-00C04F79EFBC}") = "IceCrow.Hearthstone.Entities.Tests", "tests\IceCrow.Hearthstone.Entities.Tests\IceCrow.Hearthstone.Entities.Tests.csproj", "{E355E266-6793-4EF6-AA66-81715830BED6}"
EndProject
Project("{FAE04EC0-301F-11D3-BF4B-00C04F79EFBC}") = "IceCrow.Hearthstone.Protocol.Tests", "tests\IceCrow.Hearthstone.Protocol.Tests\IceCrow.Hearthstone.Protocol.Tests.csproj", "{16598ACA-9F3E-4F85-977B-71A362855A77}"
EndProject
Project("{FAE04EC0-301F-11D3-BF4B-00C04F79EFBC}") = "IceCrow.Recording.Tests", "tests\IceCrow.Recording.Tests\IceCrow.Recording.Tests.csproj", "{2054AF05-8342-46D5-83E5-8AAC9FB7851E}"
EndProject
Project("{FAE04EC0-301F-11D3-BF4B-00C04F79EFBC}") = "IceCrow.Platform.Windows.Tests", "tests\IceCrow.Platform.Windows.Tests\IceCrow.Platform.Windows.Tests.csproj", "{345F570D-7E3C-4633-B3EB-7E55C07A0F67}"
EndProject
Project("{FAE04EC0-301F-11D3-BF4B-00C04F79EFBC}") = "IceCrow.Hearthstone.Logs.Tests", "tests\IceCrow.Hearthstone.Logs.Tests\IceCrow.Hearthstone.Logs.Tests.csproj", "{2DEF4866-7730-4AAC-8192-AEFDB87C5A80}"
EndProject
Global
	GlobalSection(SolutionConfigurationPlatforms) = preSolution
		Debug|Any CPU = Debug|Any CPU
		Debug|x64 = Debug|x64
		Debug|x86 = Debug|x86
		Release|Any CPU = Release|Any CPU
		Release|x64 = Release|x64
		Release|x86 = Release|x86
	EndGlobalSection
	GlobalSection(ProjectConfigurationPlatforms) = postSolution
		{BB1088B0-1700-4EAE-BAA5-065A77BD9315}.Debug|Any CPU.ActiveCfg = Debug|Any CPU
		{BB1088B0-1700-4EAE-BAA5-065A77BD9315}.Debug|Any CPU.Build.0 = Debug|Any CPU
		{BB1088B0-1700-4EAE-BAA5-065A77BD9315}.Debug|x64.ActiveCfg = Debug|Any CPU
		{BB1088B0-1700-4EAE-BAA5-065A77BD9315}.Debug|x64.Build.0 = Debug|Any CPU
		{BB1088B0-1700-4EAE-BAA5-065A77BD9315}.Debug|x86.ActiveCfg = Debug|Any CPU
		{BB1088B0-1700-4EAE-BAA5-065A77BD9315}.Debug|x86.Build.0 = Debug|Any CPU
		{BB1088B0-1700-4EAE-BAA5-065A77BD9315}.Release|Any CPU.ActiveCfg = Release|Any CPU
		{BB1088B0-1700-4EAE-BAA5-065A77BD9315}.Release|Any CPU.Build.0 = Release|Any CPU
		{BB1088B0-1700-4EAE-BAA5-065A77BD9315}.Release|x64.ActiveCfg = Release|Any CPU
		{BB1088B0-1700-4EAE-BAA5-065A77BD9315}.Release|x64.Build.0 = Release|Any CPU
		{BB1088B0-1700-4EAE-BAA5-065A77BD9315}.Release|x86.ActiveCfg = Release|Any CPU
		{BB1088B0-1700-4EAE-BAA5-065A77BD9315}.Release|x86.Build.0 = Release|Any CPU
		{9F04A477-13AF-456C-9A5F-B7BFBE152A71}.Debug|Any CPU.ActiveCfg = Debug|Any CPU
		{9F04A477-13AF-456C-9A5F-B7BFBE152A71}.Debug|Any CPU.Build.0 = Debug|Any CPU
		{9F04A477-13AF-456C-9A5F-B7BFBE152A71}.Debug|x64.ActiveCfg = Debug|Any CPU
		{9F04A477-13AF-456C-9A5F-B7BFBE152A71}.Debug|x64.Build.0 = Debug|Any CPU
		{9F04A477-13AF-456C-9A5F-B7BFBE152A71}.Debug|x86.ActiveCfg = Debug|Any CPU
		{9F04A477-13AF-456C-9A5F-B7BFBE152A71}.Debug|x86.Build.0 = Debug|Any CPU
		{9F04A477-13AF-456C-9A5F-B7BFBE152A71}.Release|Any CPU.ActiveCfg = Release|Any CPU
		{9F04A477-13AF-456C-9A5F-B7BFBE152A71}.Release|Any CPU.Build.0 = Release|Any CPU
		{9F04A477-13AF-456C-9A5F-B7BFBE152A71}.Release|x64.ActiveCfg = Release|Any CPU
		{9F04A477-13AF-456C-9A5F-B7BFBE152A71}.Release|x64.Build.0 = Release|Any CPU
		{9F04A477-13AF-456C-9A5F-B7BFBE152A71}.Release|x86.ActiveCfg = Release|Any CPU
		{9F04A477-13AF-456C-9A5F-B7BFBE152A71}.Release|x86.Build.0 = Release|Any CPU
		{64EB2770-A858-4183-A96C-D4A430C3EC14}.Debug|Any CPU.ActiveCfg = Debug|Any CPU
		{64EB2770-A858-4183-A96C-D4A430C3EC14}.Debug|Any CPU.Build.0 = Debug|Any CPU
		{64EB2770-A858-4183-A96C-D4A430C3EC14}.Debug|x64.ActiveCfg = Debug|Any CPU
		{64EB2770-A858-4183-A96C-D4A430C3EC14}.Debug|x64.Build.0 = Debug|Any CPU
		{64EB2770-A858-4183-A96C-D4A430C3EC14}.Debug|x86.ActiveCfg = Debug|Any CPU
		{64EB2770-A858-4183-A96C-D4A430C3EC14}.Debug|x86.Build.0 = Debug|Any CPU
		{64EB2770-A858-4183-A96C-D4A430C3EC14}.Release|Any CPU.ActiveCfg = Release|Any CPU
		{64EB2770-A858-4183-A96C-D4A430C3EC14}.Release|Any CPU.Build.0 = Release|Any CPU
		{64EB2770-A858-4183-A96C-D4A430C3EC14}.Release|x64.ActiveCfg = Release|Any CPU
		{64EB2770-A858-4183-A96C-D4A430C3EC14}.Release|x64.Build.0 = Release|Any CPU
		{64EB2770-A858-4183-A96C-D4A430C3EC14}.Release|x86.ActiveCfg = Release|Any CPU
		{64EB2770-A858-4183-A96C-D4A430C3EC14}.Release|x86.Build.0 = Release|Any CPU
		{0B8AC284-2119-4AD4-A2C6-B44AB8087070}.Debug|Any CPU.ActiveCfg = Debug|Any CPU
		{0B8AC284-2119-4AD4-A2C6-B44AB8087070}.Debug|Any CPU.Build.0 = Debug|Any CPU
		{0B8AC284-2119-4AD4-A2C6-B44AB8087070}.Debug|x64.ActiveCfg = Debug|Any CPU
		{0B8AC284-2119-4AD4-A2C6-B44AB8087070}.Debug|x64.Build.0 = Debug|Any CPU
		{0B8AC284-2119-4AD4-A2C6-B44AB8087070}.Debug|x86.ActiveCfg = Debug|Any CPU
		{0B8AC284-2119-4AD4-A2C6-B44AB8087070}.Debug|x86.Build.0 = Debug|Any CPU
		{0B8AC284-2119-4AD4-A2C6-B44AB8087070}.Release|Any CPU.ActiveCfg = Release|Any CPU
		{0B8AC284-2119-4AD4-A2C6-B44AB8087070}.Release|Any CPU.Build.0 = Release|Any CPU
		{0B8AC284-2119-4AD4-A2C6-B44AB8087070}.Release|x64.ActiveCfg = Release|Any CPU
		{0B8AC284-2119-4AD4-A2C6-B44AB8087070}.Release|x64.Build.0 = Release|Any CPU
		{0B8AC284-2119-4AD4-A2C6-B44AB8087070}.Release|x86.ActiveCfg = Release|Any CPU
		{0B8AC284-2119-4AD4-A2C6-B44AB8087070}.Release|x86.Build.0 = Release|Any CPU
		{60CF016F-1561-4293-BE3B-EE8A62F01D16}.Debug|Any CPU.ActiveCfg = Debug|Any CPU
		{60CF016F-1561-4293-BE3B-EE8A62F01D16}.Debug|Any CPU.Build.0 = Debug|Any CPU
		{60CF016F-1561-4293-BE3B-EE8A62F01D16}.Debug|x64.ActiveCfg = Debug|Any CPU
		{60CF016F-1561-4293-BE3B-EE8A62F01D16}.Debug|x64.Build.0 = Debug|Any CPU
		{60CF016F-1561-4293-BE3B-EE8A62F01D16}.Debug|x86.ActiveCfg = Debug|Any CPU
		{60CF016F-1561-4293-BE3B-EE8A62F01D16}.Debug|x86.Build.0 = Debug|Any CPU
		{60CF016F-1561-4293-BE3B-EE8A62F01D16}.Release|Any CPU.ActiveCfg = Release|Any CPU
		{60CF016F-1561-4293-BE3B-EE8A62F01D16}.Release|Any CPU.Build.0 = Release|Any CPU
		{60CF016F-1561-4293-BE3B-EE8A62F01D16}.Release|x64.ActiveCfg = Release|Any CPU
		{60CF016F-1561-4293-BE3B-EE8A62F01D16}.Release|x64.Build.0 = Release|Any CPU
		{60CF016F-1561-4293-BE3B-EE8A62F01D16}.Release|x86.ActiveCfg = Release|Any CPU
		{60CF016F-1561-4293-BE3B-EE8A62F01D16}.Release|x86.Build.0 = Release|Any CPU
		{356BEF8E-A133-4F00-A3D7-5E1E49BA881E}.Debug|Any CPU.ActiveCfg = Debug|Any CPU
		{356BEF8E-A133-4F00-A3D7-5E1E49BA881E}.Debug|Any CPU.Build.0 = Debug|Any CPU
		{356BEF8E-A133-4F00-A3D7-5E1E49BA881E}.Debug|x64.ActiveCfg = Debug|Any CPU
		{356BEF8E-A133-4F00-A3D7-5E1E49BA881E}.Debug|x64.Build.0 = Debug|Any CPU
		{356BEF8E-A133-4F00-A3D7-5E1E49BA881E}.Debug|x86.ActiveCfg = Debug|Any CPU
		{356BEF8E-A133-4F00-A3D7-5E1E49BA881E}.Debug|x86.Build.0 = Debug|Any CPU
		{356BEF8E-A133-4F00-A3D7-5E1E49BA881E}.Release|Any CPU.ActiveCfg = Release|Any CPU
		{356BEF8E-A133-4F00-A3D7-5E1E49BA881E}.Release|Any CPU.Build.0 = Release|Any CPU
		{356BEF8E-A133-4F00-A3D7-5E1E49BA881E}.Release|x64.ActiveCfg = Release|Any CPU
		{356BEF8E-A133-4F00-A3D7-5E1E49BA881E}.Release|x64.Build.0 = Release|Any CPU
		{356BEF8E-A133-4F00-A3D7-5E1E49BA881E}.Release|x86.ActiveCfg = Release|Any CPU
		{356BEF8E-A133-4F00-A3D7-5E1E49BA881E}.Release|x86.Build.0 = Release|Any CPU
		{65CE25F6-7E1C-4746-971B-FD46F6D856FE}.Debug|Any CPU.ActiveCfg = Debug|Any CPU
		{65CE25F6-7E1C-4746-971B-FD46F6D856FE}.Debug|Any CPU.Build.0 = Debug|Any CPU
		{65CE25F6-7E1C-4746-971B-FD46F6D856FE}.Debug|x64.ActiveCfg = Debug|Any CPU
		{65CE25F6-7E1C-4746-971B-FD46F6D856FE}.Debug|x64.Build.0 = Debug|Any CPU
		{65CE25F6-7E1C-4746-971B-FD46F6D856FE}.Debug|x86.ActiveCfg = Debug|Any CPU
		{65CE25F6-7E1C-4746-971B-FD46F6D856FE}.Debug|x86.Build.0 = Debug|Any CPU
		{65CE25F6-7E1C-4746-971B-FD46F6D856FE}.Release|Any CPU.ActiveCfg = Release|Any CPU
		{65CE25F6-7E1C-4746-971B-FD46F6D856FE}.Release|Any CPU.Build.0 = Release|Any CPU
		{65CE25F6-7E1C-4746-971B-FD46F6D856FE}.Release|x64.ActiveCfg = Release|Any CPU
		{65CE25F6-7E1C-4746-971B-FD46F6D856FE}.Release|x64.Build.0 = Release|Any CPU
		{65CE25F6-7E1C-4746-971B-FD46F6D856FE}.Release|x86.ActiveCfg = Release|Any CPU
		{65CE25F6-7E1C-4746-971B-FD46F6D856FE}.Release|x86.Build.0 = Release|Any CPU
		{02AC381E-EB6D-4AC7-BC72-71493AF338AF}.Debug|Any CPU.ActiveCfg = Debug|Any CPU
		{02AC381E-EB6D-4AC7-BC72-71493AF338AF}.Debug|Any CPU.Build.0 = Debug|Any CPU
		{02AC381E-EB6D-4AC7-BC72-71493AF338AF}.Debug|x64.ActiveCfg = Debug|Any CPU
		{02AC381E-EB6D-4AC7-BC72-71493AF338AF}.Debug|x64.Build.0 = Debug|Any CPU
		{02AC381E-EB6D-4AC7-BC72-71493AF338AF}.Debug|x86.ActiveCfg = Debug|Any CPU
		{02AC381E-EB6D-4AC7-BC72-71493AF338AF}.Debug|x86.Build.0 = Debug|Any CPU
		{02AC381E-EB6D-4AC7-BC72-71493AF338AF}.Release|Any CPU.ActiveCfg = Release|Any CPU
		{02AC381E-EB6D-4AC7-BC72-71493AF338AF}.Release|Any CPU.Build.0 = Release|Any CPU
		{02AC381E-EB6D-4AC7-BC72-71493AF338AF}.Release|x64.ActiveCfg = Release|Any CPU
		{02AC381E-EB6D-4AC7-BC72-71493AF338AF}.Release|x64.Build.0 = Release|Any CPU
		{02AC381E-EB6D-4AC7-BC72-71493AF338AF}.Release|x86.ActiveCfg = Release|Any CPU
		{02AC381E-EB6D-4AC7-BC72-71493AF338AF}.Release|x86.Build.0 = Release|Any CPU
		{44BD2A94-E18D-4672-B3E9-FD8F030DB965}.Debug|Any CPU.ActiveCfg = Debug|Any CPU
		{44BD2A94-E18D-4672-B3E9-FD8F030DB965}.Debug|Any CPU.Build.0 = Debug|Any CPU
		{44BD2A94-E18D-4672-B3E9-FD8F030DB965}.Debug|x64.ActiveCfg = Debug|Any CPU
		{44BD2A94-E18D-4672-B3E9-FD8F030DB965}.Debug|x64.Build.0 = Debug|Any CPU
		{44BD2A94-E18D-4672-B3E9-FD8F030DB965}.Debug|x86.ActiveCfg = Debug|Any CPU
		{44BD2A94-E18D-4672-B3E9-FD8F030DB965}.Debug|x86.Build.0 = Debug|Any CPU
		{44BD2A94-E18D-4672-B3E9-FD8F030DB965}.Release|Any CPU.ActiveCfg = Release|Any CPU
		{44BD2A94-E18D-4672-B3E9-FD8F030DB965}.Release|Any CPU.Build.0 = Release|Any CPU
		{44BD2A94-E18D-4672-B3E9-FD8F030DB965}.Release|x64.ActiveCfg = Release|Any CPU
		{44BD2A94-E18D-4672-B3E9-FD8F030DB965}.Release|x64.Build.0 = Release|Any CPU
		{44BD2A94-E18D-4672-B3E9-FD8F030DB965}.Release|x86.ActiveCfg = Release|Any CPU
		{44BD2A94-E18D-4672-B3E9-FD8F030DB965}.Release|x86.Build.0 = Release|Any CPU
		{52EA8A63-F25F-4CCC-8153-37EA7D2A56E9}.Debug|Any CPU.ActiveCfg = Debug|Any CPU
		{52EA8A63-F25F-4CCC-8153-37EA7D2A56E9}.Debug|Any CPU.Build.0 = Debug|Any CPU
		{52EA8A63-F25F-4CCC-8153-37EA7D2A56E9}.Debug|x64.ActiveCfg = Debug|Any CPU
		{52EA8A63-F25F-4CCC-8153-37EA7D2A56E9}.Debug|x64.Build.0 = Debug|Any CPU
		{52EA8A63-F25F-4CCC-8153-37EA7D2A56E9}.Debug|x86.ActiveCfg = Debug|Any CPU
		{52EA8A63-F25F-4CCC-8153-37EA7D2A56E9}.Debug|x86.Build.0 = Debug|Any CPU
		{52EA8A63-F25F-4CCC-8153-37EA7D2A56E9}.Release|Any CPU.ActiveCfg = Release|Any CPU
		{52EA8A63-F25F-4CCC-8153-37EA7D2A56E9}.Release|Any CPU.Build.0 = Release|Any CPU
		{52EA8A63-F25F-4CCC-8153-37EA7D2A56E9}.Release|x64.ActiveCfg = Release|Any CPU
		{52EA8A63-F25F-4CCC-8153-37EA7D2A56E9}.Release|x64.Build.0 = Release|Any CPU
		{52EA8A63-F25F-4CCC-8153-37EA7D2A56E9}.Release|x86.ActiveCfg = Release|Any CPU
		{52EA8A63-F25F-4CCC-8153-37EA7D2A56E9}.Release|x86.Build.0 = Release|Any CPU
		{C94D8E06-7368-4EE5-A89F-CC0DE5132F40}.Debug|Any CPU.ActiveCfg = Debug|Any CPU
		{C94D8E06-7368-4EE5-A89F-CC0DE5132F40}.Debug|Any CPU.Build.0 = Debug|Any CPU
		{C94D8E06-7368-4EE5-A89F-CC0DE5132F40}.Debug|x64.ActiveCfg = Debug|Any CPU
		{C94D8E06-7368-4EE5-A89F-CC0DE5132F40}.Debug|x64.Build.0 = Debug|Any CPU
		{C94D8E06-7368-4EE5-A89F-CC0DE5132F40}.Debug|x86.ActiveCfg = Debug|Any CPU
		{C94D8E06-7368-4EE5-A89F-CC0DE5132F40}.Debug|x86.Build.0 = Debug|Any CPU
		{C94D8E06-7368-4EE5-A89F-CC0DE5132F40}.Release|Any CPU.ActiveCfg = Release|Any CPU
		{C94D8E06-7368-4EE5-A89F-CC0DE5132F40}.Release|Any CPU.Build.0 = Release|Any CPU
		{C94D8E06-7368-4EE5-A89F-CC0DE5132F40}.Release|x64.ActiveCfg = Release|Any CPU
		{C94D8E06-7368-4EE5-A89F-CC0DE5132F40}.Release|x64.Build.0 = Release|Any CPU
		{C94D8E06-7368-4EE5-A89F-CC0DE5132F40}.Release|x86.ActiveCfg = Release|Any CPU
		{C94D8E06-7368-4EE5-A89F-CC0DE5132F40}.Release|x86.Build.0 = Release|Any CPU
		{E355E266-6793-4EF6-AA66-81715830BED6}.Debug|Any CPU.ActiveCfg = Debug|Any CPU
		{E355E266-6793-4EF6-AA66-81715830BED6}.Debug|Any CPU.Build.0 = Debug|Any CPU
		{E355E266-6793-4EF6-AA66-81715830BED6}.Debug|x64.ActiveCfg = Debug|Any CPU
		{E355E266-6793-4EF6-AA66-81715830BED6}.Debug|x64.Build.0 = Debug|Any CPU
		{E355E266-6793-4EF6-AA66-81715830BED6}.Debug|x86.ActiveCfg = Debug|Any CPU
		{E355E266-6793-4EF6-AA66-81715830BED6}.Debug|x86.Build.0 = Debug|Any CPU
		{E355E266-6793-4EF6-AA66-81715830BED6}.Release|Any CPU.ActiveCfg = Release|Any CPU
		{E355E266-6793-4EF6-AA66-81715830BED6}.Release|Any CPU.Build.0 = Release|Any CPU
		{E355E266-6793-4EF6-AA66-81715830BED6}.Release|x64.ActiveCfg = Release|Any CPU
		{E355E266-6793-4EF6-AA66-81715830BED6}.Release|x64.Build.0 = Release|Any CPU
		{E355E266-6793-4EF6-AA66-81715830BED6}.Release|x86.ActiveCfg = Release|Any CPU
		{E355E266-6793-4EF6-AA66-81715830BED6}.Release|x86.Build.0 = Release|Any CPU
		{16598ACA-9F3E-4F85-977B-71A362855A77}.Debug|Any CPU.ActiveCfg = Debug|Any CPU
		{16598ACA-9F3E-4F85-977B-71A362855A77}.Debug|Any CPU.Build.0 = Debug|Any CPU
		{16598ACA-9F3E-4F85-977B-71A362855A77}.Debug|x64.ActiveCfg = Debug|Any CPU
		{16598ACA-9F3E-4F85-977B-71A362855A77}.Debug|x64.Build.0 = Debug|Any CPU
		{16598ACA-9F3E-4F85-977B-71A362855A77}.Debug|x86.ActiveCfg = Debug|Any CPU
		{16598ACA-9F3E-4F85-977B-71A362855A77}.Debug|x86.Build.0 = Debug|Any CPU
		{16598ACA-9F3E-4F85-977B-71A362855A77}.Release|Any CPU.ActiveCfg = Release|Any CPU
		{16598ACA-9F3E-4F85-977B-71A362855A77}.Release|Any CPU.Build.0 = Release|Any CPU
		{16598ACA-9F3E-4F85-977B-71A362855A77}.Release|x64.ActiveCfg = Release|Any CPU
		{16598ACA-9F3E-4F85-977B-71A362855A77}.Release|x64.Build.0 = Release|Any CPU
		{16598ACA-9F3E-4F85-977B-71A362855A77}.Release|x86.ActiveCfg = Release|Any CPU
		{16598ACA-9F3E-4F85-977B-71A362855A77}.Release|x86.Build.0 = Release|Any CPU
		{2054AF05-8342-46D5-83E5-8AAC9FB7851E}.Debug|Any CPU.ActiveCfg = Debug|Any CPU
		{2054AF05-8342-46D5-83E5-8AAC9FB7851E}.Debug|Any CPU.Build.0 = Debug|Any CPU
		{2054AF05-8342-46D5-83E5-8AAC9FB7851E}.Debug|x64.ActiveCfg = Debug|Any CPU
		{2054AF05-8342-46D5-83E5-8AAC9FB7851E}.Debug|x64.Build.0 = Debug|Any CPU
		{2054AF05-8342-46D5-83E5-8AAC9FB7851E}.Debug|x86.ActiveCfg = Debug|Any CPU
		{2054AF05-8342-46D5-83E5-8AAC9FB7851E}.Debug|x86.Build.0 = Debug|Any CPU
		{2054AF05-8342-46D5-83E5-8AAC9FB7851E}.Release|Any CPU.ActiveCfg = Release|Any CPU
		{2054AF05-8342-46D5-83E5-8AAC9FB7851E}.Release|Any CPU.Build.0 = Release|Any CPU
		{2054AF05-8342-46D5-83E5-8AAC9FB7851E}.Release|x64.ActiveCfg = Release|Any CPU
		{2054AF05-8342-46D5-83E5-8AAC9FB7851E}.Release|x64.Build.0 = Release|Any CPU
		{2054AF05-8342-46D5-83E5-8AAC9FB7851E}.Release|x86.ActiveCfg = Release|Any CPU
		{2054AF05-8342-46D5-83E5-8AAC9FB7851E}.Release|x86.Build.0 = Release|Any CPU
		{345F570D-7E3C-4633-B3EB-7E55C07A0F67}.Debug|Any CPU.ActiveCfg = Debug|Any CPU
		{345F570D-7E3C-4633-B3EB-7E55C07A0F67}.Debug|Any CPU.Build.0 = Debug|Any CPU
		{345F570D-7E3C-4633-B3EB-7E55C07A0F67}.Debug|x64.ActiveCfg = Debug|Any CPU
		{345F570D-7E3C-4633-B3EB-7E55C07A0F67}.Debug|x64.Build.0 = Debug|Any CPU
		{345F570D-7E3C-4633-B3EB-7E55C07A0F67}.Debug|x86.ActiveCfg = Debug|Any CPU
		{345F570D-7E3C-4633-B3EB-7E55C07A0F67}.Debug|x86.Build.0 = Debug|Any CPU
		{345F570D-7E3C-4633-B3EB-7E55C07A0F67}.Release|Any CPU.ActiveCfg = Release|Any CPU
		{345F570D-7E3C-4633-B3EB-7E55C07A0F67}.Release|Any CPU.Build.0 = Release|Any CPU
		{345F570D-7E3C-4633-B3EB-7E55C07A0F67}.Release|x64.ActiveCfg = Release|Any CPU
		{345F570D-7E3C-4633-B3EB-7E55C07A0F67}.Release|x64.Build.0 = Release|Any CPU
		{345F570D-7E3C-4633-B3EB-7E55C07A0F67}.Release|x86.ActiveCfg = Release|Any CPU
		{345F570D-7E3C-4633-B3EB-7E55C07A0F67}.Release|x86.Build.0 = Release|Any CPU
		{2DEF4866-7730-4AAC-8192-AEFDB87C5A80}.Debug|Any CPU.ActiveCfg = Debug|Any CPU
		{2DEF4866-7730-4AAC-8192-AEFDB87C5A80}.Debug|Any CPU.Build.0 = Debug|Any CPU
		{2DEF4866-7730-4AAC-8192-AEFDB87C5A80}.Debug|x64.ActiveCfg = Debug|Any CPU
		{2DEF4866-7730-4AAC-8192-AEFDB87C5A80}.Debug|x64.Build.0 = Debug|Any CPU
		{2DEF4866-7730-4AAC-8192-AEFDB87C5A80}.Debug|x86.ActiveCfg = Debug|Any CPU
		{2DEF4866-7730-4AAC-8192-AEFDB87C5A80}.Debug|x86.Build.0 = Debug|Any CPU
		{2DEF4866-7730-4AAC-8192-AEFDB87C5A80}.Release|Any CPU.ActiveCfg = Release|Any CPU
		{2DEF4866-7730-4AAC-8192-AEFDB87C5A80}.Release|Any CPU.Build.0 = Release|Any CPU
		{2DEF4866-7730-4AAC-8192-AEFDB87C5A80}.Release|x64.ActiveCfg = Release|Any CPU
		{2DEF4866-7730-4AAC-8192-AEFDB87C5A80}.Release|x64.Build.0 = Release|Any CPU
		{2DEF4866-7730-4AAC-8192-AEFDB87C5A80}.Release|x86.ActiveCfg = Release|Any CPU
		{2DEF4866-7730-4AAC-8192-AEFDB87C5A80}.Release|x86.Build.0 = Release|Any CPU
	EndGlobalSection
	GlobalSection(SolutionProperties) = preSolution
		HideSolutionNode = FALSE
	EndGlobalSection
	GlobalSection(NestedProjects) = preSolution
		{BB1088B0-1700-4EAE-BAA5-065A77BD9315} = {827E0CD3-B72D-47B6-A68D-7590B98EB39B}
		{9F04A477-13AF-456C-9A5F-B7BFBE152A71} = {827E0CD3-B72D-47B6-A68D-7590B98EB39B}
		{64EB2770-A858-4183-A96C-D4A430C3EC14} = {827E0CD3-B72D-47B6-A68D-7590B98EB39B}
		{0B8AC284-2119-4AD4-A2C6-B44AB8087070} = {827E0CD3-B72D-47B6-A68D-7590B98EB39B}
		{60CF016F-1561-4293-BE3B-EE8A62F01D16} = {827E0CD3-B72D-47B6-A68D-7590B98EB39B}
		{356BEF8E-A133-4F00-A3D7-5E1E49BA881E} = {827E0CD3-B72D-47B6-A68D-7590B98EB39B}
		{65CE25F6-7E1C-4746-971B-FD46F6D856FE} = {827E0CD3-B72D-47B6-A68D-7590B98EB39B}
		{02AC381E-EB6D-4AC7-BC72-71493AF338AF} = {827E0CD3-B72D-47B6-A68D-7590B98EB39B}
		{44BD2A94-E18D-4672-B3E9-FD8F030DB965} = {827E0CD3-B72D-47B6-A68D-7590B98EB39B}
		{52EA8A63-F25F-4CCC-8153-37EA7D2A56E9} = {0AB3BF05-4346-4AA6-1389-037BE0695223}
		{C94D8E06-7368-4EE5-A89F-CC0DE5132F40} = {0AB3BF05-4346-4AA6-1389-037BE0695223}
		{E355E266-6793-4EF6-AA66-81715830BED6} = {0AB3BF05-4346-4AA6-1389-037BE0695223}
		{16598ACA-9F3E-4F85-977B-71A362855A77} = {0AB3BF05-4346-4AA6-1389-037BE0695223}
		{2054AF05-8342-46D5-83E5-8AAC9FB7851E} = {0AB3BF05-4346-4AA6-1389-037BE0695223}
		{345F570D-7E3C-4633-B3EB-7E55C07A0F67} = {0AB3BF05-4346-4AA6-1389-037BE0695223}
		{2DEF4866-7730-4AAC-8192-AEFDB87C5A80} = {0AB3BF05-4346-4AA6-1389-037BE0695223}
	EndGlobalSection
EndGlobal
